// !$*UTF8*$!
{
	archiveVersion = 1;
	classes = {
	};
	objectVersion = 77;
	objects = {

/* Begin PBXBuildFile section */
		6880D2203A51AC0A5B5E5A17 /* Pods_Applicare_UI.framework in Frameworks */ = {isa = PBXBuildFile; fileRef = 3F7931288ECE8EC3A52455A5 /* Pods_Applicare_UI.framework */; };
		D014F2B52DAA9BD200AA4623 /* Assets.xcassets in Resources */ = {isa = PBXBuildFile; fileRef = D014F2A82DAA9BD200AA4623 /* Assets.xcassets */; };
		D014F2B62DAA9BD200AA4623 /* Preview Assets.xcassets in Resources */ = {isa = PBXBuildFile; fileRef = D014F28F2DAA9BD200AA4623 /* Preview Assets.xcassets */; };
		D014F2B72DAA9BD200AA4623 /* SignUpView.swift in Sources */ = {isa = PBXBuildFile; fileRef = D014F2A42DAA9BD200AA4623 /* SignUpView.swift */; };
		D014F2B82DAA9BD200AA4623 /* BaseNetworkService.swift in Sources */ = {isa = PBXBuildFile; fileRef = D014F2942DAA9BD200AA4623 /* BaseNetworkService.swift */; };
		D014F2B92DAA9BD200AA4623 /* SocialButton.swift in Sources */ = {isa = PBXBuildFile; fileRef = D014F2882DAA9BD200AA4623 /* SocialButton.swift */; };
		D014F2BA2DAA9BD200AA4623 /* UserNetworkService.swift in Sources */ = {isa = PBXBuildFile; fileRef = D014F2972DAA9BD200AA4623 /* UserNetworkService.swift */; };
		D014F2BB2DAA9BD200AA4623 /* CustomTextField.swift in Sources */ = {isa = PBXBuildFile; fileRef = D014F2872DAA9BD200AA4623 /* CustomTextField.swift */; };
		D014F2BF2DAA9BD200AA4623 /* AnimatedImageView.swift in Sources */ = {isa = PBXBuildFile; fileRef = D014F29E2DAA9BD200AA4623 /* AnimatedImageView.swift */; };
		D014F2C02DAA9BD200AA4623 /* NetworkError.swift in Sources */ = {isa = PBXBuildFile; fileRef = D014F2952DAA9BD200AA4623 /* NetworkError.swift */; };
		D014F2C12DAA9BD200AA4623 /* ContentView.swift in Sources */ = {isa = PBXBuildFile; fileRef = D014F2A92DAA9BD200AA4623 /* ContentView.swift */; };
		D014F2C22DAA9BD200AA4623 /* SocialLoginView.swift in Sources */ = {isa = PBXBuildFile; fileRef = D014F2A52DAA9BD200AA4623 /* SocialLoginView.swift */; };
		D014F2C32DAA9BD200AA4623 /* APIEndpointProtocol.swift in Sources */ = {isa = PBXBuildFile; fileRef = D014F2922DAA9BD200AA4623 /* APIEndpointProtocol.swift */; };
		D014F2C42DAA9BD200AA4623 /* APIEndpoint.swift in Sources */ = {isa = PBXBuildFile; fileRef = D014F2912DAA9BD200AA4623 /* APIEndpoint.swift */; };
		D014F2C52DAA9BD200AA4623 /* UserViewModel.swift in Sources */ = {isa = PBXBuildFile; fileRef = D014F29C2DAA9BD200AA4623 /* UserViewModel.swift */; };
		D014F2C62DAA9BD200AA4623 /* OnboardingState.swift in Sources */ = {isa = PBXBuildFile; fileRef = D014F28B2DAA9BD200AA4623 /* OnboardingState.swift */; };
		D014F2C72DAA9BD200AA4623 /* AuthNetworkService.swift in Sources */ = {isa = PBXBuildFile; fileRef = D014F2932DAA9BD200AA4623 /* AuthNetworkService.swift */; };
		D014F2C82DAA9BD200AA4623 /* NetworkServiceProtocol.swift in Sources */ = {isa = PBXBuildFile; fileRef = D014F2962DAA9BD200AA4623 /* NetworkServiceProtocol.swift */; };
		D014F2C92DAA9BD200AA4623 /* AuthViewModel.swift in Sources */ = {isa = PBXBuildFile; fileRef = D014F29A2DAA9BD200AA4623 /* AuthViewModel.swift */; };
		D014F2CB2DAA9BD200AA4623 /* SignInView.swift in Sources */ = {isa = PBXBuildFile; fileRef = D014F2A32DAA9BD200AA4623 /* SignInView.swift */; };
		D014F2CC2DAA9BD200AA4623 /* LogoView.swift in Sources */ = {isa = PBXBuildFile; fileRef = D014F2A12DAA9BD200AA4623 /* LogoView.swift */; };
		D014F2CD2DAA9BD200AA4623 /* HomeView.swift in Sources */ = {isa = PBXBuildFile; fileRef = D014F2A02DAA9BD200AA4623 /* HomeView.swift */; };
		D014F2CE2DAA9BD200AA4623 /* AuthDTOs.swift in Sources */ = {isa = PBXBuildFile; fileRef = D014F28A2DAA9BD200AA4623 /* AuthDTOs.swift */; };
		D014F2D02DAA9BD200AA4623 /* Applicare_UIApp.swift in Sources */ = {isa = PBXBuildFile; fileRef = D014F2A72DAA9BD200AA4623 /* Applicare_UIApp.swift */; };
		D014F2D12DAA9BD200AA4623 /* OnboardingView.swift in Sources */ = {isa = PBXBuildFile; fileRef = D014F2A22DAA9BD200AA4623 /* OnboardingView.swift */; };
		D014F2D22DAA9BD200AA4623 /* OnboardingViewModel.swift in Sources */ = {isa = PBXBuildFile; fileRef = D014F29B2DAA9BD200AA4623 /* OnboardingViewModel.swift */; };
		D014F2D32DAA9BD200AA4623 /* CheckboxToggleStyle.swift in Sources */ = {isa = PBXBuildFile; fileRef = D014F29F2DAA9BD200AA4623 /* CheckboxToggleStyle.swift */; };
		D014F2D42DAA9BD200AA4623 /* UserDTO.swift in Sources */ = {isa = PBXBuildFile; fileRef = D014F28D2DAA9BD200AA4623 /* UserDTO.swift */; };
		D014F2D52DAA9BD200AA4623 /* SignUpView.swift in Sources */ = {isa = PBXBuildFile; fileRef = D014F2A42DAA9BD200AA4623 /* SignUpView.swift */; };
		D014F2D62DAA9BD200AA4623 /* BaseNetworkService.swift in Sources */ = {isa = PBXBuildFile; fileRef = D014F2942DAA9BD200AA4623 /* BaseNetworkService.swift */; };
		D014F2D72DAA9BD200AA4623 /* SocialButton.swift in Sources */ = {isa = PBXBuildFile; fileRef = D014F2882DAA9BD200AA4623 /* SocialButton.swift */; };
		D014F2D82DAA9BD200AA4623 /* UserNetworkService.swift in Sources */ = {isa = PBXBuildFile; fileRef = D014F2972DAA9BD200AA4623 /* UserNetworkService.swift */; };
		D014F2D92DAA9BD200AA4623 /* CustomTextField.swift in Sources */ = {isa = PBXBuildFile; fileRef = D014F2872DAA9BD200AA4623 /* CustomTextField.swift */; };
		D014F2DD2DAA9BD200AA4623 /* AnimatedImageView.swift in Sources */ = {isa = PBXBuildFile; fileRef = D014F29E2DAA9BD200AA4623 /* AnimatedImageView.swift */; };
		D014F2DE2DAA9BD200AA4623 /* NetworkError.swift in Sources */ = {isa = PBXBuildFile; fileRef = D014F2952DAA9BD200AA4623 /* NetworkError.swift */; };
		D014F2DF2DAA9BD200AA4623 /* ContentView.swift in Sources */ = {isa = PBXBuildFile; fileRef = D014F2A92DAA9BD200AA4623 /* ContentView.swift */; };
		D014F2E02DAA9BD200AA4623 /* SocialLoginView.swift in Sources */ = {isa = PBXBuildFile; fileRef = D014F2A52DAA9BD200AA4623 /* SocialLoginView.swift */; };
		D014F2E12DAA9BD200AA4623 /* APIEndpointProtocol.swift in Sources */ = {isa = PBXBuildFile; fileRef = D014F2922DAA9BD200AA4623 /* APIEndpointProtocol.swift */; };
		D014F2E22DAA9BD200AA4623 /* APIEndpoint.swift in Sources */ = {isa = PBXBuildFile; fileRef = D014F2912DAA9BD200AA4623 /* APIEndpoint.swift */; };
		D014F2E32DAA9BD200AA4623 /* UserViewModel.swift in Sources */ = {isa = PBXBuildFile; fileRef = D014F29C2DAA9BD200AA4623 /* UserViewModel.swift */; };
		D014F2E42DAA9BD200AA4623 /* OnboardingState.swift in Sources */ = {isa = PBXBuildFile; fileRef = D014F28B2DAA9BD200AA4623 /* OnboardingState.swift */; };
		D014F2E52DAA9BD200AA4623 /* AuthNetworkService.swift in Sources */ = {isa = PBXBuildFile; fileRef = D014F2932DAA9BD200AA4623 /* AuthNetworkService.swift */; };
		D014F2E62DAA9BD200AA4623 /* NetworkServiceProtocol.swift in Sources */ = {isa = PBXBuildFile; fileRef = D014F2962DAA9BD200AA4623 /* NetworkServiceProtocol.swift */; };
		D014F2E72DAA9BD200AA4623 /* AuthViewModel.swift in Sources */ = {isa = PBXBuildFile; fileRef = D014F29A2DAA9BD200AA4623 /* AuthViewModel.swift */; };
		D014F2E92DAA9BD200AA4623 /* SignInView.swift in Sources */ = {isa = PBXBuildFile; fileRef = D014F2A32DAA9BD200AA4623 /* SignInView.swift */; };
		D014F2EA2DAA9BD200AA4623 /* LogoView.swift in Sources */ = {isa = PBXBuildFile; fileRef = D014F2A12DAA9BD200AA4623 /* LogoView.swift */; };
		D014F2EB2DAA9BD200AA4623 /* HomeView.swift in Sources */ = {isa = PBXBuildFile; fileRef = D014F2A02DAA9BD200AA4623 /* HomeView.swift */; };
		D014F2EC2DAA9BD200AA4623 /* AuthDTOs.swift in Sources */ = {isa = PBXBuildFile; fileRef = D014F28A2DAA9BD200AA4623 /* AuthDTOs.swift */; };
		D014F2EE2DAA9BD200AA4623 /* Applicare_UIApp.swift in Sources */ = {isa = PBXBuildFile; fileRef = D014F2A72DAA9BD200AA4623 /* Applicare_UIApp.swift */; };
		D014F2EF2DAA9BD200AA4623 /* OnboardingView.swift in Sources */ = {isa = PBXBuildFile; fileRef = D014F2A22DAA9BD200AA4623 /* OnboardingView.swift */; };
		D014F2F02DAA9BD200AA4623 /* OnboardingViewModel.swift in Sources */ = {isa = PBXBuildFile; fileRef = D014F29B2DAA9BD200AA4623 /* OnboardingViewModel.swift */; };
		D014F2F12DAA9BD200AA4623 /* CheckboxToggleStyle.swift in Sources */ = {isa = PBXBuildFile; fileRef = D014F29F2DAA9BD200AA4623 /* CheckboxToggleStyle.swift */; };
		D014F2F22DAA9BD200AA4623 /* UserDTO.swift in Sources */ = {isa = PBXBuildFile; fileRef = D014F28D2DAA9BD200AA4623 /* UserDTO.swift */; };
		D014F2F32DAA9BD200AA4623 /* Assets.xcassets in Resources */ = {isa = PBXBuildFile; fileRef = D014F2A82DAA9BD200AA4623 /* Assets.xcassets */; };
		D014F2F42DAA9BD200AA4623 /* Preview Assets.xcassets in Resources */ = {isa = PBXBuildFile; fileRef = D014F28F2DAA9BD200AA4623 /* Preview Assets.xcassets */; };
		D014F2F52DAA9BD200AA4623 /* Assets.xcassets in Resources */ = {isa = PBXBuildFile; fileRef = D014F2A82DAA9BD200AA4623 /* Assets.xcassets */; };
		D014F2F62DAA9BD200AA4623 /* Preview Assets.xcassets in Resources */ = {isa = PBXBuildFile; fileRef = D014F28F2DAA9BD200AA4623 /* Preview Assets.xcassets */; };
		D014F2F72DAA9BD200AA4623 /* SignUpView.swift in Sources */ = {isa = PBXBuildFile; fileRef = D014F2A42DAA9BD200AA4623 /* SignUpView.swift */; };
		D014F2F82DAA9BD200AA4623 /* BaseNetworkService.swift in Sources */ = {isa = PBXBuildFile; fileRef = D014F2942DAA9BD200AA4623 /* BaseNetworkService.swift */; };
		D014F2F92DAA9BD200AA4623 /* SocialButton.swift in Sources */ = {isa = PBXBuildFile; fileRef = D014F2882DAA9BD200AA4623 /* SocialButton.swift */; };
		D014F2FA2DAA9BD200AA4623 /* UserNetworkService.swift in Sources */ = {isa = PBXBuildFile; fileRef = D014F2972DAA9BD200AA4623 /* UserNetworkService.swift */; };
		D014F2FB2DAA9BD200AA4623 /* CustomTextField.swift in Sources */ = {isa = PBXBuildFile; fileRef = D014F2872DAA9BD200AA4623 /* CustomTextField.swift */; };
		D014F2FF2DAA9BD200AA4623 /* AnimatedImageView.swift in Sources */ = {isa = PBXBuildFile; fileRef = D014F29E2DAA9BD200AA4623 /* AnimatedImageView.swift */; };
		D014F3002DAA9BD200AA4623 /* NetworkError.swift in Sources */ = {isa = PBXBuildFile; fileRef = D014F2952DAA9BD200AA4623 /* NetworkError.swift */; };
		D014F3012DAA9BD200AA4623 /* ContentView.swift in Sources */ = {isa = PBXBuildFile; fileRef = D014F2A92DAA9BD200AA4623 /* ContentView.swift */; };
		D014F3022DAA9BD200AA4623 /* SocialLoginView.swift in Sources */ = {isa = PBXBuildFile; fileRef = D014F2A52DAA9BD200AA4623 /* SocialLoginView.swift */; };
		D014F3032DAA9BD200AA4623 /* APIEndpointProtocol.swift in Sources */ = {isa = PBXBuildFile; fileRef = D014F2922DAA9BD200AA4623 /* APIEndpointProtocol.swift */; };
		D014F3042DAA9BD200AA4623 /* APIEndpoint.swift in Sources */ = {isa = PBXBuildFile; fileRef = D014F2912DAA9BD200AA4623 /* APIEndpoint.swift */; };
		D014F3052DAA9BD200AA4623 /* UserViewModel.swift in Sources */ = {isa = PBXBuildFile; fileRef = D014F29C2DAA9BD200AA4623 /* UserViewModel.swift */; };
		D014F3062DAA9BD200AA4623 /* OnboardingState.swift in Sources */ = {isa = PBXBuildFile; fileRef = D014F28B2DAA9BD200AA4623 /* OnboardingState.swift */; };
		D014F3072DAA9BD200AA4623 /* AuthNetworkService.swift in Sources */ = {isa = PBXBuildFile; fileRef = D014F2932DAA9BD200AA4623 /* AuthNetworkService.swift */; };
		D014F3082DAA9BD200AA4623 /* NetworkServiceProtocol.swift in Sources */ = {isa = PBXBuildFile; fileRef = D014F2962DAA9BD200AA4623 /* NetworkServiceProtocol.swift */; };
		D014F3092DAA9BD200AA4623 /* AuthViewModel.swift in Sources */ = {isa = PBXBuildFile; fileRef = D014F29A2DAA9BD200AA4623 /* AuthViewModel.swift */; };
		D014F30B2DAA9BD200AA4623 /* SignInView.swift in Sources */ = {isa = PBXBuildFile; fileRef = D014F2A32DAA9BD200AA4623 /* SignInView.swift */; };
		D014F30C2DAA9BD200AA4623 /* LogoView.swift in Sources */ = {isa = PBXBuildFile; fileRef = D014F2A12DAA9BD200AA4623 /* LogoView.swift */; };
		D014F30D2DAA9BD200AA4623 /* HomeView.swift in Sources */ = {isa = PBXBuildFile; fileRef = D014F2A02DAA9BD200AA4623 /* HomeView.swift */; };
		D014F30E2DAA9BD200AA4623 /* AuthDTOs.swift in Sources */ = {isa = PBXBuildFile; fileRef = D014F28A2DAA9BD200AA4623 /* AuthDTOs.swift */; };
		D014F3102DAA9BD200AA4623 /* Applicare_UIApp.swift in Sources */ = {isa = PBXBuildFile; fileRef = D014F2A72DAA9BD200AA4623 /* Applicare_UIApp.swift */; };
		D014F3112DAA9BD200AA4623 /* OnboardingView.swift in Sources */ = {isa = PBXBuildFile; fileRef = D014F2A22DAA9BD200AA4623 /* OnboardingView.swift */; };
		D014F3122DAA9BD200AA4623 /* OnboardingViewModel.swift in Sources */ = {isa = PBXBuildFile; fileRef = D014F29B2DAA9BD200AA4623 /* OnboardingViewModel.swift */; };
		D014F3132DAA9BD200AA4623 /* CheckboxToggleStyle.swift in Sources */ = {isa = PBXBuildFile; fileRef = D014F29F2DAA9BD200AA4623 /* CheckboxToggleStyle.swift */; };
		D014F3142DAA9BD200AA4623 /* UserDTO.swift in Sources */ = {isa = PBXBuildFile; fileRef = D014F28D2DAA9BD200AA4623 /* UserDTO.swift */; };
		D0188A032DAA9B12004EDD00 /* Applicare-UI.app in Sources */ = {isa = PBXBuildFile; fileRef = D08386622D7D8A0500BDB7FA /* Applicare-UI.app */; };
		D0188A042DAA9B33004EDD00 /* Applicare-UITests.xctest in Sources */ = {isa = PBXBuildFile; fileRef = D08386722D7D8A0700BDB7FA /* Applicare-UITests.xctest */; };
		D0188A052DAA9B33004EDD00 /* Applicare-UIUITests.xctest in Sources */ = {isa = PBXBuildFile; fileRef = D083867C2D7D8A0700BDB7FA /* Applicare-UIUITests.xctest */; };
		D021F78A2DC7A8550035DDE1 /* chat_protocol.yaml in Resources */ = {isa = PBXBuildFile; fileRef = D021F7882DC7A8550035DDE1 /* chat_protocol.yaml */; };
		D021F78B2DC7A8550035DDE1 /* swagger.yaml in Resources */ = {isa = PBXBuildFile; fileRef = D021F7892DC7A8550035DDE1 /* swagger.yaml */; };
		D021F78C2DC7A8550035DDE1 /* chat_protocol.yaml in Resources */ = {isa = PBXBuildFile; fileRef = D021F7882DC7A8550035DDE1 /* chat_protocol.yaml */; };
		D021F78D2DC7A8550035DDE1 /* swagger.yaml in Resources */ = {isa = PBXBuildFile; fileRef = D021F7892DC7A8550035DDE1 /* swagger.yaml */; };
		D021F78E2DC7A8550035DDE1 /* chat_protocol.yaml in Resources */ = {isa = PBXBuildFile; fileRef = D021F7882DC7A8550035DDE1 /* chat_protocol.yaml */; };
		D021F78F2DC7A8550035DDE1 /* swagger.yaml in Resources */ = {isa = PBXBuildFile; fileRef = D021F7892DC7A8550035DDE1 /* swagger.yaml */; };
		D021F7922DC7A94C0035DDE1 /* Message.swift in Sources */ = {isa = PBXBuildFile; fileRef = D021F7902DC7A94B0035DDE1 /* Message.swift */; };
		D021F7932DC7A94C0035DDE1 /* MessageDTOs.swift in Sources */ = {isa = PBXBuildFile; fileRef = D021F7912DC7A94B0035DDE1 /* MessageDTOs.swift */; };
		D021F7942DC7A94C0035DDE1 /* Message.swift in Sources */ = {isa = PBXBuildFile; fileRef = D021F7902DC7A94B0035DDE1 /* Message.swift */; };
		D021F7952DC7A94C0035DDE1 /* MessageDTOs.swift in Sources */ = {isa = PBXBuildFile; fileRef = D021F7912DC7A94B0035DDE1 /* MessageDTOs.swift */; };
		D021F7962DC7A94C0035DDE1 /* Message.swift in Sources */ = {isa = PBXBuildFile; fileRef = D021F7902DC7A94B0035DDE1 /* Message.swift */; };
		D021F7972DC7A94C0035DDE1 /* MessageDTOs.swift in Sources */ = {isa = PBXBuildFile; fileRef = D021F7912DC7A94B0035DDE1 /* MessageDTOs.swift */; };
		D021F79D2DC7A9820035DDE1 /* ChatNetworkService.swift in Sources */ = {isa = PBXBuildFile; fileRef = D021F79C2DC7A9820035DDE1 /* ChatNetworkService.swift */; };
		D021F79E2DC7A9820035DDE1 /* ChatNetworkService.swift in Sources */ = {isa = PBXBuildFile; fileRef = D021F79C2DC7A9820035DDE1 /* ChatNetworkService.swift */; };
		D021F79F2DC7A9820035DDE1 /* ChatNetworkService.swift in Sources */ = {isa = PBXBuildFile; fileRef = D021F79C2DC7A9820035DDE1 /* ChatNetworkService.swift */; };
		D021F7A52DC7A9AF0035DDE1 /* ChatViewModel.swift in Sources */ = {isa = PBXBuildFile; fileRef = D021F7A42DC7A9AF0035DDE1 /* ChatViewModel.swift */; };
		D021F7A62DC7A9AF0035DDE1 /* ChatViewModel.swift in Sources */ = {isa = PBXBuildFile; fileRef = D021F7A42DC7A9AF0035DDE1 /* ChatViewModel.swift */; };
		D021F7A72DC7A9AF0035DDE1 /* ChatViewModel.swift in Sources */ = {isa = PBXBuildFile; fileRef = D021F7A42DC7A9AF0035DDE1 /* ChatViewModel.swift */; };
		D021F7AA2DC7A9E10035DDE1 /* MessageBubble.swift in Sources */ = {isa = PBXBuildFile; fileRef = D021F7A92DC7A9E10035DDE1 /* MessageBubble.swift */; };
		D021F7AB2DC7A9E10035DDE1 /* ChatButton.swift in Sources */ = {isa = PBXBuildFile; fileRef = D021F7A82DC7A9E10035DDE1 /* ChatButton.swift */; };
		D021F7AC2DC7A9E10035DDE1 /* MessageBubble.swift in Sources */ = {isa = PBXBuildFile; fileRef = D021F7A92DC7A9E10035DDE1 /* MessageBubble.swift */; };
		D021F7AD2DC7A9E10035DDE1 /* ChatButton.swift in Sources */ = {isa = PBXBuildFile; fileRef = D021F7A82DC7A9E10035DDE1 /* ChatButton.swift */; };
		D021F7AE2DC7A9E10035DDE1 /* MessageBubble.swift in Sources */ = {isa = PBXBuildFile; fileRef = D021F7A92DC7A9E10035DDE1 /* MessageBubble.swift */; };
		D021F7AF2DC7A9E10035DDE1 /* ChatButton.swift in Sources */ = {isa = PBXBuildFile; fileRef = D021F7A82DC7A9E10035DDE1 /* ChatButton.swift */; };
		D021F7B12DC7AA000035DDE1 /* ChatView.swift in Sources */ = {isa = PBXBuildFile; fileRef = D021F7B02DC7AA000035DDE1 /* ChatView.swift */; };
		D021F7B22DC7AA000035DDE1 /* ChatView.swift in Sources */ = {isa = PBXBuildFile; fileRef = D021F7B02DC7AA000035DDE1 /* ChatView.swift */; };
		D021F7B32DC7AA000035DDE1 /* ChatView.swift in Sources */ = {isa = PBXBuildFile; fileRef = D021F7B02DC7AA000035DDE1 /* ChatView.swift */; };
		D021F7B52DC7AE4A0035DDE1 /* BookingsViewModel.swift in Sources */ = {isa = PBXBuildFile; fileRef = D021F7B42DC7AE4A0035DDE1 /* BookingsViewModel.swift */; };
		D021F7B62DC7AE4A0035DDE1 /* BookingsViewModel.swift in Sources */ = {isa = PBXBuildFile; fileRef = D021F7B42DC7AE4A0035DDE1 /* BookingsViewModel.swift */; };
		D021F7B72DC7AE4A0035DDE1 /* BookingsViewModel.swift in Sources */ = {isa = PBXBuildFile; fileRef = D021F7B42DC7AE4A0035DDE1 /* BookingsViewModel.swift */; };
		D021F7B92DC7AE5E0035DDE1 /* BookingsListView.swift in Sources */ = {isa = PBXBuildFile; fileRef = D021F7B82DC7AE5E0035DDE1 /* BookingsListView.swift */; };
		D021F7BA2DC7AE5E0035DDE1 /* BookingsListView.swift in Sources */ = {isa = PBXBuildFile; fileRef = D021F7B82DC7AE5E0035DDE1 /* BookingsListView.swift */; };
		D021F7BB2DC7AE5E0035DDE1 /* BookingsListView.swift in Sources */ = {isa = PBXBuildFile; fileRef = D021F7B82DC7AE5E0035DDE1 /* BookingsListView.swift */; };
		D021F7BD2DC7AE960035DDE1 /* EnhancedChatView.swift in Sources */ = {isa = PBXBuildFile; fileRef = D021F7BC2DC7AE960035DDE1 /* EnhancedChatView.swift */; };
		D021F7BE2DC7AE960035DDE1 /* EnhancedChatView.swift in Sources */ = {isa = PBXBuildFile; fileRef = D021F7BC2DC7AE960035DDE1 /* EnhancedChatView.swift */; };
		D021F7BF2DC7AE960035DDE1 /* EnhancedChatView.swift in Sources */ = {isa = PBXBuildFile; fileRef = D021F7BC2DC7AE960035DDE1 /* EnhancedChatView.swift */; };
		D021F7C12DC7AF180035DDE1 /* BookingNetworkService.swift in Sources */ = {isa = PBXBuildFile; fileRef = D021F7C02DC7AF180035DDE1 /* BookingNetworkService.swift */; };
		D021F7C22DC7AF180035DDE1 /* BookingNetworkService.swift in Sources */ = {isa = PBXBuildFile; fileRef = D021F7C02DC7AF180035DDE1 /* BookingNetworkService.swift */; };
		D021F7C32DC7AF180035DDE1 /* BookingNetworkService.swift in Sources */ = {isa = PBXBuildFile; fileRef = D021F7C02DC7AF180035DDE1 /* BookingNetworkService.swift */; };
		D02B94262DAAA54C00F7F503 /* Repair.json in Resources */ = {isa = PBXBuildFile; fileRef = D02B94252DAAA54C00F7F503 /* Repair.json */; };
		D02B94272DAAA54C00F7F503 /* Plumber.json in Resources */ = {isa = PBXBuildFile; fileRef = D02B94242DAAA54C00F7F503 /* Plumber.json */; };
		D02B94282DAAA54C00F7F503 /* Electrician.json in Resources */ = {isa = PBXBuildFile; fileRef = D02B94232DAAA54C00F7F503 /* Electrician.json */; };
		D045FAE02DE30AD20060FFA7 /* NotificationManager.swift in Sources */ = {isa = PBXBuildFile; fileRef = D045FADF2DE30AD20060FFA7 /* NotificationManager.swift */; };
		D045FAE12DE30AD20060FFA7 /* NotificationManager.swift in Sources */ = {isa = PBXBuildFile; fileRef = D045FADF2DE30AD20060FFA7 /* NotificationManager.swift */; };
		D045FAE22DE30AD20060FFA7 /* NotificationManager.swift in Sources */ = {isa = PBXBuildFile; fileRef = D045FADF2DE30AD20060FFA7 /* NotificationManager.swift */; };
		D045FAE42DE313070060FFA7 /* Appliance.swift in Sources */ = {isa = PBXBuildFile; fileRef = D045FAE32DE313070060FFA7 /* Appliance.swift */; };
		D045FAE52DE313070060FFA7 /* Appliance.swift in Sources */ = {isa = PBXBuildFile; fileRef = D045FAE32DE313070060FFA7 /* Appliance.swift */; };
		D045FAE62DE313070060FFA7 /* Appliance.swift in Sources */ = {isa = PBXBuildFile; fileRef = D045FAE32DE313070060FFA7 /* Appliance.swift */; };
		D045FAE82DE313120060FFA7 /* ApplianceNetworkService.swift in Sources */ = {isa = PBXBuildFile; fileRef = D045FAE72DE313120060FFA7 /* ApplianceNetworkService.swift */; };
		D045FAE92DE313120060FFA7 /* ApplianceNetworkService.swift in Sources */ = {isa = PBXBuildFile; fileRef = D045FAE72DE313120060FFA7 /* ApplianceNetworkService.swift */; };
		D045FAEA2DE313120060FFA7 /* ApplianceNetworkService.swift in Sources */ = {isa = PBXBuildFile; fileRef = D045FAE72DE313120060FFA7 /* ApplianceNetworkService.swift */; };
		D045FAEC2DE3131F0060FFA7 /* ApplianceViewModel.swift in Sources */ = {isa = PBXBuildFile; fileRef = D045FAEB2DE3131F0060FFA7 /* ApplianceViewModel.swift */; };
		D045FAED2DE3131F0060FFA7 /* ApplianceViewModel.swift in Sources */ = {isa = PBXBuildFile; fileRef = D045FAEB2DE3131F0060FFA7 /* ApplianceViewModel.swift */; };
		D045FAEE2DE3131F0060FFA7 /* ApplianceViewModel.swift in Sources */ = {isa = PBXBuildFile; fileRef = D045FAEB2DE3131F0060FFA7 /* ApplianceViewModel.swift */; };
		D045FAF02DE3132F0060FFA7 /* ApplianceCard.swift in Sources */ = {isa = PBXBuildFile; fileRef = D045FAEF2DE3132F0060FFA7 /* ApplianceCard.swift */; };
		D045FAF12DE3132F0060FFA7 /* ApplianceCard.swift in Sources */ = {isa = PBXBuildFile; fileRef = D045FAEF2DE3132F0060FFA7 /* ApplianceCard.swift */; };
		D045FAF22DE3132F0060FFA7 /* ApplianceCard.swift in Sources */ = {isa = PBXBuildFile; fileRef = D045FAEF2DE3132F0060FFA7 /* ApplianceCard.swift */; };
		D045FAF42DE318D70060FFA7 /* MenuView.swift in Sources */ = {isa = PBXBuildFile; fileRef = D045FAF32DE318D70060FFA7 /* MenuView.swift */; };
		D045FAF52DE318D70060FFA7 /* MenuView.swift in Sources */ = {isa = PBXBuildFile; fileRef = D045FAF32DE318D70060FFA7 /* MenuView.swift */; };
		D045FAF62DE318D70060FFA7 /* MenuView.swift in Sources */ = {isa = PBXBuildFile; fileRef = D045FAF32DE318D70060FFA7 /* MenuView.swift */; };
		D045FAF82DE330DD0060FFA7 /* BookingCardContent.swift in Sources */ = {isa = PBXBuildFile; fileRef = D045FAF72DE330DD0060FFA7 /* BookingCardContent.swift */; };
		D045FAF92DE330DD0060FFA7 /* BookingCardContent.swift in Sources */ = {isa = PBXBuildFile; fileRef = D045FAF72DE330DD0060FFA7 /* BookingCardContent.swift */; };
		D045FAFA2DE330DD0060FFA7 /* BookingCardContent.swift in Sources */ = {isa = PBXBuildFile; fileRef = D045FAF72DE330DD0060FFA7 /* BookingCardContent.swift */; };
		D045FAFC2DE3539F0060FFA7 /* ApplianceDetailViewModel.swift in Sources */ = {isa = PBXBuildFile; fileRef = D045FAFB2DE3539F0060FFA7 /* ApplianceDetailViewModel.swift */; };
		D045FAFD2DE3539F0060FFA7 /* ApplianceDetailViewModel.swift in Sources */ = {isa = PBXBuildFile; fileRef = D045FAFB2DE3539F0060FFA7 /* ApplianceDetailViewModel.swift */; };
		D045FAFE2DE3539F0060FFA7 /* ApplianceDetailViewModel.swift in Sources */ = {isa = PBXBuildFile; fileRef = D045FAFB2DE3539F0060FFA7 /* ApplianceDetailViewModel.swift */; };
		D045FB002DE353A70060FFA7 /* ApplianceDetailView.swift in Sources */ = {isa = PBXBuildFile; fileRef = D045FAFF2DE353A70060FFA7 /* ApplianceDetailView.swift */; };
		D045FB012DE353A70060FFA7 /* ApplianceDetailView.swift in Sources */ = {isa = PBXBuildFile; fileRef = D045FAFF2DE353A70060FFA7 /* ApplianceDetailView.swift */; };
		D045FB022DE353A70060FFA7 /* ApplianceDetailView.swift in Sources */ = {isa = PBXBuildFile; fileRef = D045FAFF2DE353A70060FFA7 /* ApplianceDetailView.swift */; };
		D045FB042DE353AC0060FFA7 /* ApplianceNetworkService.swift in Sources */ = {isa = PBXBuildFile; fileRef = D045FB032DE353AC0060FFA7 /* ApplianceNetworkService.swift */; };
		D045FB052DE353AC0060FFA7 /* ApplianceNetworkService.swift in Sources */ = {isa = PBXBuildFile; fileRef = D045FB032DE353AC0060FFA7 /* ApplianceNetworkService.swift */; };
		D045FB062DE353AC0060FFA7 /* ApplianceNetworkService.swift in Sources */ = {isa = PBXBuildFile; fileRef = D045FB032DE353AC0060FFA7 /* ApplianceNetworkService.swift */; };
		D04F9B262DD08510000A1C97 /* RepairerAuthViewModel.swift in Sources */ = {isa = PBXBuildFile; fileRef = D04F9B252DD08510000A1C97 /* RepairerAuthViewModel.swift */; };
		D04F9B272DD08510000A1C97 /* RepairerAuthViewModel.swift in Sources */ = {isa = PBXBuildFile; fileRef = D04F9B252DD08510000A1C97 /* RepairerAuthViewModel.swift */; };
		D04F9B282DD08510000A1C97 /* RepairerAuthViewModel.swift in Sources */ = {isa = PBXBuildFile; fileRef = D04F9B252DD08510000A1C97 /* RepairerAuthViewModel.swift */; };
		D04F9B2A2DD08533000A1C97 /* RepairerSignInView.swift in Sources */ = {isa = PBXBuildFile; fileRef = D04F9B292DD08533000A1C97 /* RepairerSignInView.swift */; };
		D04F9B2B2DD08533000A1C97 /* RepairerSignInView.swift in Sources */ = {isa = PBXBuildFile; fileRef = D04F9B292DD08533000A1C97 /* RepairerSignInView.swift */; };
		D04F9B2C2DD08533000A1C97 /* RepairerSignInView.swift in Sources */ = {isa = PBXBuildFile; fileRef = D04F9B292DD08533000A1C97 /* RepairerSignInView.swift */; };
		D04F9B2E2DD08540000A1C97 /* RepairerSignUpView.swift in Sources */ = {isa = PBXBuildFile; fileRef = D04F9B2D2DD08540000A1C97 /* RepairerSignUpView.swift */; };
		D04F9B2F2DD08540000A1C97 /* RepairerSignUpView.swift in Sources */ = {isa = PBXBuildFile; fileRef = D04F9B2D2DD08540000A1C97 /* RepairerSignUpView.swift */; };
		D04F9B302DD08540000A1C97 /* RepairerSignUpView.swift in Sources */ = {isa = PBXBuildFile; fileRef = D04F9B2D2DD08540000A1C97 /* RepairerSignUpView.swift */; };
		D04F9B322DD0854E000A1C97 /* RepairerProfileView.swift in Sources */ = {isa = PBXBuildFile; fileRef = D04F9B312DD0854E000A1C97 /* RepairerProfileView.swift */; };
		D04F9B332DD0854E000A1C97 /* RepairerProfileView.swift in Sources */ = {isa = PBXBuildFile; fileRef = D04F9B312DD0854E000A1C97 /* RepairerProfileView.swift */; };
		D04F9B342DD0854E000A1C97 /* RepairerProfileView.swift in Sources */ = {isa = PBXBuildFile; fileRef = D04F9B312DD0854E000A1C97 /* RepairerProfileView.swift */; };
		D04F9B362DD085C7000A1C97 /* RepairerHomeView.swift in Sources */ = {isa = PBXBuildFile; fileRef = D04F9B352DD085C7000A1C97 /* RepairerHomeView.swift */; };
		D04F9B372DD085C7000A1C97 /* RepairerHomeView.swift in Sources */ = {isa = PBXBuildFile; fileRef = D04F9B352DD085C7000A1C97 /* RepairerHomeView.swift */; };
		D04F9B382DD085C7000A1C97 /* RepairerHomeView.swift in Sources */ = {isa = PBXBuildFile; fileRef = D04F9B352DD085C7000A1C97 /* RepairerHomeView.swift */; };
		D04F9B3A2DD09F6A000A1C97 /* UserCacheService.swift in Sources */ = {isa = PBXBuildFile; fileRef = D04F9B392DD09F6A000A1C97 /* UserCacheService.swift */; };
		D04F9B3B2DD09F6A000A1C97 /* UserCacheService.swift in Sources */ = {isa = PBXBuildFile; fileRef = D04F9B392DD09F6A000A1C97 /* UserCacheService.swift */; };
		D04F9B3C2DD09F6A000A1C97 /* UserCacheService.swift in Sources */ = {isa = PBXBuildFile; fileRef = D04F9B392DD09F6A000A1C97 /* UserCacheService.swift */; };
		D04F9B3E2DD0ADE9000A1C97 /* RepairerChatView.swift in Sources */ = {isa = PBXBuildFile; fileRef = D04F9B3D2DD0ADE9000A1C97 /* RepairerChatView.swift */; };
		D04F9B3F2DD0ADE9000A1C97 /* RepairerChatView.swift in Sources */ = {isa = PBXBuildFile; fileRef = D04F9B3D2DD0ADE9000A1C97 /* RepairerChatView.swift */; };
		D04F9B402DD0ADE9000A1C97 /* RepairerChatView.swift in Sources */ = {isa = PBXBuildFile; fileRef = D04F9B3D2DD0ADE9000A1C97 /* RepairerChatView.swift */; };
		D04F9B462DD0B48B000A1C97 /* RepairerChatButton.swift in Sources */ = {isa = PBXBuildFile; fileRef = D04F9B452DD0B48B000A1C97 /* RepairerChatButton.swift */; };
		D04F9B472DD0B48B000A1C97 /* RepairerChatButton.swift in Sources */ = {isa = PBXBuildFile; fileRef = D04F9B452DD0B48B000A1C97 /* RepairerChatButton.swift */; };
		D04F9B482DD0B48B000A1C97 /* RepairerChatButton.swift in Sources */ = {isa = PBXBuildFile; fileRef = D04F9B452DD0B48B000A1C97 /* RepairerChatButton.swift */; };
		D05BC6852DAD6CC100AB5DB4 /* CompleteInfoView.swift in Sources */ = {isa = PBXBuildFile; fileRef = D05BC6842DAD6CC100AB5DB4 /* CompleteInfoView.swift */; };
		D05BC6862DAD6CC100AB5DB4 /* CompleteInfoView.swift in Sources */ = {isa = PBXBuildFile; fileRef = D05BC6842DAD6CC100AB5DB4 /* CompleteInfoView.swift */; };
		D05BC6872DAD6CC100AB5DB4 /* CompleteInfoView.swift in Sources */ = {isa = PBXBuildFile; fileRef = D05BC6842DAD6CC100AB5DB4 /* CompleteInfoView.swift */; };
		D05BC6892DAD6CD500AB5DB4 /* ProfileSettingsView.swift in Sources */ = {isa = PBXBuildFile; fileRef = D05BC6882DAD6CD500AB5DB4 /* ProfileSettingsView.swift */; };
		D05BC68A2DAD6CD500AB5DB4 /* ProfileSettingsView.swift in Sources */ = {isa = PBXBuildFile; fileRef = D05BC6882DAD6CD500AB5DB4 /* ProfileSettingsView.swift */; };
		D05BC68B2DAD6CD500AB5DB4 /* ProfileSettingsView.swift in Sources */ = {isa = PBXBuildFile; fileRef = D05BC6882DAD6CD500AB5DB4 /* ProfileSettingsView.swift */; };
		D05BC6922DAD711400AB5DB4 /* InfoRow.swift in Sources */ = {isa = PBXBuildFile; fileRef = D05BC6902DAD711400AB5DB4 /* InfoRow.swift */; };
		D05BC6932DAD711400AB5DB4 /* InfoRow.swift in Sources */ = {isa = PBXBuildFile; fileRef = D05BC6902DAD711400AB5DB4 /* InfoRow.swift */; };
		D05BC6942DAD711400AB5DB4 /* InfoRow.swift in Sources */ = {isa = PBXBuildFile; fileRef = D05BC6902DAD711400AB5DB4 /* InfoRow.swift */; };
		D05BC6962DAD773A00AB5DB4 /* RepairerProfileView.swift in Sources */ = {isa = PBXBuildFile; fileRef = D05BC6952DAD773A00AB5DB4 /* RepairerProfileView.swift */; };
		D05BC6972DAD773A00AB5DB4 /* RepairerProfileView.swift in Sources */ = {isa = PBXBuildFile; fileRef = D05BC6952DAD773A00AB5DB4 /* RepairerProfileView.swift */; };
		D05BC6982DAD773A00AB5DB4 /* RepairerProfileView.swift in Sources */ = {isa = PBXBuildFile; fileRef = D05BC6952DAD773A00AB5DB4 /* RepairerProfileView.swift */; };
		D07FF4C92DC7B6F9001EFBDF /* SimpleChatView.swift in Sources */ = {isa = PBXBuildFile; fileRef = D07FF4C82DC7B6F9001EFBDF /* SimpleChatView.swift */; };
		D07FF4CA2DC7B6F9001EFBDF /* SimpleChatView.swift in Sources */ = {isa = PBXBuildFile; fileRef = D07FF4C82DC7B6F9001EFBDF /* SimpleChatView.swift */; };
		D07FF4CB2DC7B6F9001EFBDF /* SimpleChatView.swift in Sources */ = {isa = PBXBuildFile; fileRef = D07FF4C82DC7B6F9001EFBDF /* SimpleChatView.swift */; };
		D0A21B252DAC058700414398 /* NearbyRepairersView.swift in Sources */ = {isa = PBXBuildFile; fileRef = D0A21B232DAC058700414398 /* NearbyRepairersView.swift */; };
		D0A21B262DAC058700414398 /* RepairerBookingView.swift in Sources */ = {isa = PBXBuildFile; fileRef = D0A21B242DAC058700414398 /* RepairerBookingView.swift */; };
		D0A21B342DAC072C00414398 /* RepairerBookingView.swift in Sources */ = {isa = PBXBuildFile; fileRef = D0A21B332DAC072C00414398 /* RepairerBookingView.swift */; };
		D0A21B352DAC072C00414398 /* RepairerBookingView.swift in Sources */ = {isa = PBXBuildFile; fileRef = D0A21B332DAC072C00414398 /* RepairerBookingView.swift */; };
		D0A21B362DAC072C00414398 /* RepairerBookingView.swift in Sources */ = {isa = PBXBuildFile; fileRef = D0A21B332DAC072C00414398 /* RepairerBookingView.swift */; };
		D0A21B3B2DAC076900414398 /* Booking.swift in Sources */ = {isa = PBXBuildFile; fileRef = D0A21B372DAC076900414398 /* Booking.swift */; };
		D0A21B3C2DAC076900414398 /* BookingDTOs.swift in Sources */ = {isa = PBXBuildFile; fileRef = D0A21B382DAC076900414398 /* BookingDTOs.swift */; };
		D0A21B3D2DAC076900414398 /* Repairer.swift in Sources */ = {isa = PBXBuildFile; fileRef = D0A21B392DAC076900414398 /* Repairer.swift */; };
		D0A21B3E2DAC076900414398 /* User.swift in Sources */ = {isa = PBXBuildFile; fileRef = D0A21B3A2DAC076900414398 /* User.swift */; };
		D0A21B3F2DAC076900414398 /* Booking.swift in Sources */ = {isa = PBXBuildFile; fileRef = D0A21B372DAC076900414398 /* Booking.swift */; };
		D0A21B402DAC076900414398 /* BookingDTOs.swift in Sources */ = {isa = PBXBuildFile; fileRef = D0A21B382DAC076900414398 /* BookingDTOs.swift */; };
		D0A21B412DAC076900414398 /* Repairer.swift in Sources */ = {isa = PBXBuildFile; fileRef = D0A21B392DAC076900414398 /* Repairer.swift */; };
		D0A21B422DAC076900414398 /* User.swift in Sources */ = {isa = PBXBuildFile; fileRef = D0A21B3A2DAC076900414398 /* User.swift */; };
		D0A21B432DAC076900414398 /* Booking.swift in Sources */ = {isa = PBXBuildFile; fileRef = D0A21B372DAC076900414398 /* Booking.swift */; };
		D0A21B442DAC076900414398 /* BookingDTOs.swift in Sources */ = {isa = PBXBuildFile; fileRef = D0A21B382DAC076900414398 /* BookingDTOs.swift */; };
		D0A21B452DAC076900414398 /* Repairer.swift in Sources */ = {isa = PBXBuildFile; fileRef = D0A21B392DAC076900414398 /* Repairer.swift */; };
		D0A21B462DAC076900414398 /* User.swift in Sources */ = {isa = PBXBuildFile; fileRef = D0A21B3A2DAC076900414398 /* User.swift */; };
		E7C9471003FCA756DD023A10 /* Pods_Applicare_UI_Applicare_UIUITests.framework in Frameworks */ = {isa = PBXBuildFile; fileRef = 2DFB894723D0D1640BDE6994 /* Pods_Applicare_UI_Applicare_UIUITests.framework */; };
		EFA0D36DF006082C368FFD6E /* Pods_Applicare_UITests.framework in Frameworks */ = {isa = PBXBuildFile; fileRef = BEB0C3431FE092A8A21409EF /* Pods_Applicare_UITests.framework */; };
/* End PBXBuildFile section */

/* Begin PBXContainerItemProxy section */
		D08386732D7D8A0700BDB7FA /* PBXContainerItemProxy */ = {
			isa = PBXContainerItemProxy;
			containerPortal = D083865A2D7D8A0500BDB7FA /* Project object */;
			proxyType = 1;
			remoteGlobalIDString = D08386612D7D8A0500BDB7FA;
			remoteInfo = "Applicare-UI";
		};
		D083867D2D7D8A0700BDB7FA /* PBXContainerItemProxy */ = {
			isa = PBXContainerItemProxy;
			containerPortal = D083865A2D7D8A0500BDB7FA /* Project object */;
			proxyType = 1;
			remoteGlobalIDString = D08386612D7D8A0500BDB7FA;
			remoteInfo = "Applicare-UI";
		};
/* End PBXContainerItemProxy section */

/* Begin PBXFileReference section */
		14151306B5842ECF6A228391 /* Pods-Applicare-UI-Applicare-UIUITests.release.xcconfig */ = {isa = PBXFileReference; includeInIndex = 1; lastKnownFileType = text.xcconfig; name = "Pods-Applicare-UI-Applicare-UIUITests.release.xcconfig"; path = "Target Support Files/Pods-Applicare-UI-Applicare-UIUITests/Pods-Applicare-UI-Applicare-UIUITests.release.xcconfig"; sourceTree = "<group>"; };
		2DFB894723D0D1640BDE6994 /* Pods_Applicare_UI_Applicare_UIUITests.framework */ = {isa = PBXFileReference; explicitFileType = wrapper.framework; includeInIndex = 0; path = Pods_Applicare_UI_Applicare_UIUITests.framework; sourceTree = BUILT_PRODUCTS_DIR; };
		35C15EB8207933C9438B3B5A /* Pods-Applicare-UITests.debug.xcconfig */ = {isa = PBXFileReference; includeInIndex = 1; lastKnownFileType = text.xcconfig; name = "Pods-Applicare-UITests.debug.xcconfig"; path = "Target Support Files/Pods-Applicare-UITests/Pods-Applicare-UITests.debug.xcconfig"; sourceTree = "<group>"; };
		3F7931288ECE8EC3A52455A5 /* Pods_Applicare_UI.framework */ = {isa = PBXFileReference; explicitFileType = wrapper.framework; includeInIndex = 0; path = Pods_Applicare_UI.framework; sourceTree = BUILT_PRODUCTS_DIR; };
		583894F6C1D4E4E97848AEAC /* Pods-Applicare-UI.release.xcconfig */ = {isa = PBXFileReference; includeInIndex = 1; lastKnownFileType = text.xcconfig; name = "Pods-Applicare-UI.release.xcconfig"; path = "Target Support Files/Pods-Applicare-UI/Pods-Applicare-UI.release.xcconfig"; sourceTree = "<group>"; };
		8199427BC32C13F4B396A74B /* Pods-Applicare-UITests.release.xcconfig */ = {isa = PBXFileReference; includeInIndex = 1; lastKnownFileType = text.xcconfig; name = "Pods-Applicare-UITests.release.xcconfig"; path = "Target Support Files/Pods-Applicare-UITests/Pods-Applicare-UITests.release.xcconfig"; sourceTree = "<group>"; };
		A4AE8928130BEC79711E7895 /* Pods-Applicare-UI.debug.xcconfig */ = {isa = PBXFileReference; includeInIndex = 1; lastKnownFileType = text.xcconfig; name = "Pods-Applicare-UI.debug.xcconfig"; path = "Target Support Files/Pods-Applicare-UI/Pods-Applicare-UI.debug.xcconfig"; sourceTree = "<group>"; };
		BEB0C3431FE092A8A21409EF /* Pods_Applicare_UITests.framework */ = {isa = PBXFileReference; explicitFileType = wrapper.framework; includeInIndex = 0; path = Pods_Applicare_UITests.framework; sourceTree = BUILT_PRODUCTS_DIR; };
		D014F2872DAA9BD200AA4623 /* CustomTextField.swift */ = {isa = PBXFileReference; lastKnownFileType = sourcecode.swift; path = CustomTextField.swift; sourceTree = "<group>"; };
		D014F2882DAA9BD200AA4623 /* SocialButton.swift */ = {isa = PBXFileReference; lastKnownFileType = sourcecode.swift; path = SocialButton.swift; sourceTree = "<group>"; };
		D014F28A2DAA9BD200AA4623 /* AuthDTOs.swift */ = {isa = PBXFileReference; lastKnownFileType = sourcecode.swift; path = AuthDTOs.swift; sourceTree = "<group>"; };
		D014F28B2DAA9BD200AA4623 /* OnboardingState.swift */ = {isa = PBXFileReference; lastKnownFileType = sourcecode.swift; path = OnboardingState.swift; sourceTree = "<group>"; };
		D014F28D2DAA9BD200AA4623 /* UserDTO.swift */ = {isa = PBXFileReference; lastKnownFileType = sourcecode.swift; path = UserDTO.swift; sourceTree = "<group>"; };
		D014F28F2DAA9BD200AA4623 /* Preview Assets.xcassets */ = {isa = PBXFileReference; lastKnownFileType = folder.assetcatalog; path = "Preview Assets.xcassets"; sourceTree = "<group>"; };
		D014F2912DAA9BD200AA4623 /* APIEndpoint.swift */ = {isa = PBXFileReference; lastKnownFileType = sourcecode.swift; path = APIEndpoint.swift; sourceTree = "<group>"; };
		D014F2922DAA9BD200AA4623 /* APIEndpointProtocol.swift */ = {isa = PBXFileReference; lastKnownFileType = sourcecode.swift; path = APIEndpointProtocol.swift; sourceTree = "<group>"; };
		D014F2932DAA9BD200AA4623 /* AuthNetworkService.swift */ = {isa = PBXFileReference; lastKnownFileType = sourcecode.swift; path = AuthNetworkService.swift; sourceTree = "<group>"; };
		D014F2942DAA9BD200AA4623 /* BaseNetworkService.swift */ = {isa = PBXFileReference; lastKnownFileType = sourcecode.swift; path = BaseNetworkService.swift; sourceTree = "<group>"; };
		D014F2952DAA9BD200AA4623 /* NetworkError.swift */ = {isa = PBXFileReference; lastKnownFileType = sourcecode.swift; path = NetworkError.swift; sourceTree = "<group>"; };
		D014F2962DAA9BD200AA4623 /* NetworkServiceProtocol.swift */ = {isa = PBXFileReference; lastKnownFileType = sourcecode.swift; path = NetworkServiceProtocol.swift; sourceTree = "<group>"; };
		D014F2972DAA9BD200AA4623 /* UserNetworkService.swift */ = {isa = PBXFileReference; lastKnownFileType = sourcecode.swift; path = UserNetworkService.swift; sourceTree = "<group>"; };
		D014F29A2DAA9BD200AA4623 /* AuthViewModel.swift */ = {isa = PBXFileReference; lastKnownFileType = sourcecode.swift; path = AuthViewModel.swift; sourceTree = "<group>"; };
		D014F29B2DAA9BD200AA4623 /* OnboardingViewModel.swift */ = {isa = PBXFileReference; lastKnownFileType = sourcecode.swift; path = OnboardingViewModel.swift; sourceTree = "<group>"; };
		D014F29C2DAA9BD200AA4623 /* UserViewModel.swift */ = {isa = PBXFileReference; lastKnownFileType = sourcecode.swift; path = UserViewModel.swift; sourceTree = "<group>"; };
		D014F29E2DAA9BD200AA4623 /* AnimatedImageView.swift */ = {isa = PBXFileReference; lastKnownFileType = sourcecode.swift; path = AnimatedImageView.swift; sourceTree = "<group>"; };
		D014F29F2DAA9BD200AA4623 /* CheckboxToggleStyle.swift */ = {isa = PBXFileReference; lastKnownFileType = sourcecode.swift; path = CheckboxToggleStyle.swift; sourceTree = "<group>"; };
		D014F2A02DAA9BD200AA4623 /* HomeView.swift */ = {isa = PBXFileReference; lastKnownFileType = sourcecode.swift; path = HomeView.swift; sourceTree = "<group>"; };
		D014F2A12DAA9BD200AA4623 /* LogoView.swift */ = {isa = PBXFileReference; lastKnownFileType = sourcecode.swift; path = LogoView.swift; sourceTree = "<group>"; };
		D014F2A22DAA9BD200AA4623 /* OnboardingView.swift */ = {isa = PBXFileReference; lastKnownFileType = sourcecode.swift; path = OnboardingView.swift; sourceTree = "<group>"; };
		D014F2A32DAA9BD200AA4623 /* SignInView.swift */ = {isa = PBXFileReference; lastKnownFileType = sourcecode.swift; path = SignInView.swift; sourceTree = "<group>"; };
		D014F2A42DAA9BD200AA4623 /* SignUpView.swift */ = {isa = PBXFileReference; lastKnownFileType = sourcecode.swift; path = SignUpView.swift; sourceTree = "<group>"; };
		D014F2A52DAA9BD200AA4623 /* SocialLoginView.swift */ = {isa = PBXFileReference; lastKnownFileType = sourcecode.swift; path = SocialLoginView.swift; sourceTree = "<group>"; };
		D014F2A72DAA9BD200AA4623 /* Applicare_UIApp.swift */ = {isa = PBXFileReference; lastKnownFileType = sourcecode.swift; path = Applicare_UIApp.swift; sourceTree = "<group>"; };
		D014F2A82DAA9BD200AA4623 /* Assets.xcassets */ = {isa = PBXFileReference; lastKnownFileType = folder.assetcatalog; path = Assets.xcassets; sourceTree = "<group>"; };
		D014F2A92DAA9BD200AA4623 /* ContentView.swift */ = {isa = PBXFileReference; lastKnownFileType = sourcecode.swift; path = ContentView.swift; sourceTree = "<group>"; };
		D014F2AB2DAA9BD200AA4623 /* Applicare-UI.xcodeproj */ = {isa = PBXFileReference; lastKnownFileType = "wrapper.pb-project"; path = "Applicare-UI.xcodeproj"; sourceTree = "<group>"; };
		D021F7882DC7A8550035DDE1 /* chat_protocol.yaml */ = {isa = PBXFileReference; lastKnownFileType = text.yaml; path = chat_protocol.yaml; sourceTree = "<group>"; };
		D021F7892DC7A8550035DDE1 /* swagger.yaml */ = {isa = PBXFileReference; lastKnownFileType = text.yaml; path = swagger.yaml; sourceTree = "<group>"; };
		D021F7902DC7A94B0035DDE1 /* Message.swift */ = {isa = PBXFileReference; lastKnownFileType = sourcecode.swift; path = Message.swift; sourceTree = "<group>"; };
		D021F7912DC7A94B0035DDE1 /* MessageDTOs.swift */ = {isa = PBXFileReference; lastKnownFileType = sourcecode.swift; path = MessageDTOs.swift; sourceTree = "<group>"; };
		D021F79C2DC7A9820035DDE1 /* ChatNetworkService.swift */ = {isa = PBXFileReference; lastKnownFileType = sourcecode.swift; path = ChatNetworkService.swift; sourceTree = "<group>"; };
		D021F7A42DC7A9AF0035DDE1 /* ChatViewModel.swift */ = {isa = PBXFileReference; lastKnownFileType = sourcecode.swift; path = ChatViewModel.swift; sourceTree = "<group>"; };
		D021F7A82DC7A9E10035DDE1 /* ChatButton.swift */ = {isa = PBXFileReference; lastKnownFileType = sourcecode.swift; path = ChatButton.swift; sourceTree = "<group>"; };
		D021F7A92DC7A9E10035DDE1 /* MessageBubble.swift */ = {isa = PBXFileReference; lastKnownFileType = sourcecode.swift; path = MessageBubble.swift; sourceTree = "<group>"; };
		D021F7B02DC7AA000035DDE1 /* ChatView.swift */ = {isa = PBXFileReference; lastKnownFileType = sourcecode.swift; path = ChatView.swift; sourceTree = "<group>"; };
		D021F7B42DC7AE4A0035DDE1 /* BookingsViewModel.swift */ = {isa = PBXFileReference; lastKnownFileType = sourcecode.swift; path = BookingsViewModel.swift; sourceTree = "<group>"; };
		D021F7B82DC7AE5E0035DDE1 /* BookingsListView.swift */ = {isa = PBXFileReference; lastKnownFileType = sourcecode.swift; path = BookingsListView.swift; sourceTree = "<group>"; };
		D021F7BC2DC7AE960035DDE1 /* EnhancedChatView.swift */ = {isa = PBXFileReference; lastKnownFileType = sourcecode.swift; path = EnhancedChatView.swift; sourceTree = "<group>"; };
		D021F7C02DC7AF180035DDE1 /* BookingNetworkService.swift */ = {isa = PBXFileReference; lastKnownFileType = sourcecode.swift; path = BookingNetworkService.swift; sourceTree = "<group>"; };
		D02B94232DAAA54C00F7F503 /* Electrician.json */ = {isa = PBXFileReference; lastKnownFileType = text.json; path = Electrician.json; sourceTree = "<group>"; };
		D02B94242DAAA54C00F7F503 /* Plumber.json */ = {isa = PBXFileReference; lastKnownFileType = text.json; path = Plumber.json; sourceTree = "<group>"; };
		D02B94252DAAA54C00F7F503 /* Repair.json */ = {isa = PBXFileReference; lastKnownFileType = text.json; path = Repair.json; sourceTree = "<group>"; };
		D045FADF2DE30AD20060FFA7 /* NotificationManager.swift */ = {isa = PBXFileReference; lastKnownFileType = sourcecode.swift; path = NotificationManager.swift; sourceTree = "<group>"; };
		D045FAE32DE313070060FFA7 /* Appliance.swift */ = {isa = PBXFileReference; lastKnownFileType = sourcecode.swift; path = Appliance.swift; sourceTree = "<group>"; };
		D045FAE72DE313120060FFA7 /* ApplianceNetworkService.swift */ = {isa = PBXFileReference; lastKnownFileType = sourcecode.swift; path = ApplianceNetworkService.swift; sourceTree = "<group>"; };
		D045FAEB2DE3131F0060FFA7 /* ApplianceViewModel.swift */ = {isa = PBXFileReference; lastKnownFileType = sourcecode.swift; path = ApplianceViewModel.swift; sourceTree = "<group>"; };
		D045FAEF2DE3132F0060FFA7 /* ApplianceCard.swift */ = {isa = PBXFileReference; lastKnownFileType = sourcecode.swift; path = ApplianceCard.swift; sourceTree = "<group>"; };
		D045FAF32DE318D70060FFA7 /* MenuView.swift */ = {isa = PBXFileReference; lastKnownFileType = sourcecode.swift; path = MenuView.swift; sourceTree = "<group>"; };
		D045FAF72DE330DD0060FFA7 /* BookingCardContent.swift */ = {isa = PBXFileReference; lastKnownFileType = sourcecode.swift; path = BookingCardContent.swift; sourceTree = "<group>"; };
		D045FAFB2DE3539F0060FFA7 /* ApplianceDetailViewModel.swift */ = {isa = PBXFileReference; lastKnownFileType = sourcecode.swift; path = ApplianceDetailViewModel.swift; sourceTree = "<group>"; };
		D045FAFF2DE353A70060FFA7 /* ApplianceDetailView.swift */ = {isa = PBXFileReference; lastKnownFileType = sourcecode.swift; path = ApplianceDetailView.swift; sourceTree = "<group>"; };
		D045FB032DE353AC0060FFA7 /* ApplianceNetworkService.swift */ = {isa = PBXFileReference; lastKnownFileType = sourcecode.swift; path = ApplianceNetworkService.swift; sourceTree = "<group>"; };
		D04F9B252DD08510000A1C97 /* RepairerAuthViewModel.swift */ = {isa = PBXFileReference; lastKnownFileType = sourcecode.swift; path = RepairerAuthViewModel.swift; sourceTree = "<group>"; };
		D04F9B292DD08533000A1C97 /* RepairerSignInView.swift */ = {isa = PBXFileReference; lastKnownFileType = sourcecode.swift; path = RepairerSignInView.swift; sourceTree = "<group>"; };
		D04F9B2D2DD08540000A1C97 /* RepairerSignUpView.swift */ = {isa = PBXFileReference; lastKnownFileType = sourcecode.swift; path = RepairerSignUpView.swift; sourceTree = "<group>"; };
		D04F9B312DD0854E000A1C97 /* RepairerProfileView.swift */ = {isa = PBXFileReference; lastKnownFileType = sourcecode.swift; path = RepairerProfileView.swift; sourceTree = "<group>"; };
		D04F9B352DD085C7000A1C97 /* RepairerHomeView.swift */ = {isa = PBXFileReference; lastKnownFileType = sourcecode.swift; path = RepairerHomeView.swift; sourceTree = "<group>"; };
		D04F9B392DD09F6A000A1C97 /* UserCacheService.swift */ = {isa = PBXFileReference; lastKnownFileType = sourcecode.swift; path = UserCacheService.swift; sourceTree = "<group>"; };
		D04F9B3D2DD0ADE9000A1C97 /* RepairerChatView.swift */ = {isa = PBXFileReference; lastKnownFileType = sourcecode.swift; path = RepairerChatView.swift; sourceTree = "<group>"; };
		D04F9B452DD0B48B000A1C97 /* RepairerChatButton.swift */ = {isa = PBXFileReference; lastKnownFileType = sourcecode.swift; path = RepairerChatButton.swift; sourceTree = "<group>"; };
		D05BC6842DAD6CC100AB5DB4 /* CompleteInfoView.swift */ = {isa = PBXFileReference; lastKnownFileType = sourcecode.swift; path = CompleteInfoView.swift; sourceTree = "<group>"; };
		D05BC6882DAD6CD500AB5DB4 /* ProfileSettingsView.swift */ = {isa = PBXFileReference; lastKnownFileType = sourcecode.swift; path = ProfileSettingsView.swift; sourceTree = "<group>"; };
		D05BC6902DAD711400AB5DB4 /* InfoRow.swift */ = {isa = PBXFileReference; lastKnownFileType = sourcecode.swift; path = InfoRow.swift; sourceTree = "<group>"; };
		D05BC6952DAD773A00AB5DB4 /* RepairerProfileView.swift */ = {isa = PBXFileReference; lastKnownFileType = sourcecode.swift; path = RepairerProfileView.swift; sourceTree = "<group>"; };
		D07FF4C82DC7B6F9001EFBDF /* SimpleChatView.swift */ = {isa = PBXFileReference; lastKnownFileType = sourcecode.swift; path = SimpleChatView.swift; sourceTree = "<group>"; };
		D08386622D7D8A0500BDB7FA /* Applicare-UI.app */ = {isa = PBXFileReference; explicitFileType = wrapper.application; includeInIndex = 0; path = "Applicare-UI.app"; sourceTree = BUILT_PRODUCTS_DIR; };
		D08386722D7D8A0700BDB7FA /* Applicare-UITests.xctest */ = {isa = PBXFileReference; explicitFileType = wrapper.cfbundle; includeInIndex = 0; path = "Applicare-UITests.xctest"; sourceTree = BUILT_PRODUCTS_DIR; };
		D083867C2D7D8A0700BDB7FA /* Applicare-UIUITests.xctest */ = {isa = PBXFileReference; explicitFileType = wrapper.cfbundle; includeInIndex = 0; path = "Applicare-UIUITests.xctest"; sourceTree = BUILT_PRODUCTS_DIR; };
		D0A21B232DAC058700414398 /* NearbyRepairersView.swift */ = {isa = PBXFileReference; lastKnownFileType = sourcecode.swift; path = NearbyRepairersView.swift; sourceTree = "<group>"; };
		D0A21B242DAC058700414398 /* RepairerBookingView.swift */ = {isa = PBXFileReference; lastKnownFileType = sourcecode.swift; path = RepairerBookingView.swift; sourceTree = "<group>"; };
		D0A21B332DAC072C00414398 /* RepairerBookingView.swift */ = {isa = PBXFileReference; lastKnownFileType = sourcecode.swift; path = RepairerBookingView.swift; sourceTree = "<group>"; };
		D0A21B372DAC076900414398 /* Booking.swift */ = {isa = PBXFileReference; lastKnownFileType = sourcecode.swift; path = Booking.swift; sourceTree = "<group>"; };
		D0A21B382DAC076900414398 /* BookingDTOs.swift */ = {isa = PBXFileReference; lastKnownFileType = sourcecode.swift; path = BookingDTOs.swift; sourceTree = "<group>"; };
		D0A21B392DAC076900414398 /* Repairer.swift */ = {isa = PBXFileReference; lastKnownFileType = sourcecode.swift; path = Repairer.swift; sourceTree = "<group>"; };
		D0A21B3A2DAC076900414398 /* User.swift */ = {isa = PBXFileReference; lastKnownFileType = sourcecode.swift; path = User.swift; sourceTree = "<group>"; };
		E8F0EC1D3E117F360707912A /* Pods-Applicare-UI-Applicare-UIUITests.debug.xcconfig */ = {isa = PBXFileReference; includeInIndex = 1; lastKnownFileType = text.xcconfig; name = "Pods-Applicare-UI-Applicare-UIUITests.debug.xcconfig"; path = "Target Support Files/Pods-Applicare-UI-Applicare-UIUITests/Pods-Applicare-UI-Applicare-UIUITests.debug.xcconfig"; sourceTree = "<group>"; };
/* End PBXFileReference section */

/* Begin PBXFrameworksBuildPhase section */
		D083866F2D7D8A0700BDB7FA /* Frameworks */ = {
			isa = PBXFrameworksBuildPhase;
			buildActionMask = 2147483647;
			files = (
				EFA0D36DF006082C368FFD6E /* Pods_Applicare_UITests.framework in Frameworks */,
			);
			runOnlyForDeploymentPostprocessing = 0;
		};
		D08386792D7D8A0700BDB7FA /* Frameworks */ = {
			isa = PBXFrameworksBuildPhase;
			buildActionMask = 2147483647;
			files = (
				E7C9471003FCA756DD023A10 /* Pods_Applicare_UI_Applicare_UIUITests.framework in Frameworks */,
			);
			runOnlyForDeploymentPostprocessing = 0;
		};
		D22D5955D2B1094AD65C1743 /* Frameworks */ = {
			isa = PBXFrameworksBuildPhase;
			buildActionMask = 2147483647;
			files = (
				6880D2203A51AC0A5B5E5A17 /* Pods_Applicare_UI.framework in Frameworks */,
			);
			runOnlyForDeploymentPostprocessing = 0;
		};
/* End PBXFrameworksBuildPhase section */

/* Begin PBXGroup section */
		B639E9E6D0241A77ED1921CE /* Frameworks */ = {
			isa = PBXGroup;
			children = (
				3F7931288ECE8EC3A52455A5 /* Pods_Applicare_UI.framework */,
				2DFB894723D0D1640BDE6994 /* Pods_Applicare_UI_Applicare_UIUITests.framework */,
				BEB0C3431FE092A8A21409EF /* Pods_Applicare_UITests.framework */,
			);
			name = Frameworks;
			sourceTree = "<group>";
		};
		D014F2892DAA9BD200AA4623 /* Components */ = {
			isa = PBXGroup;
			children = (
				D014F2872DAA9BD200AA4623 /* CustomTextField.swift */,
				D014F2882DAA9BD200AA4623 /* SocialButton.swift */,
				D021F7A82DC7A9E10035DDE1 /* ChatButton.swift */,
				D045FAF72DE330DD0060FFA7 /* BookingCardContent.swift */,
				D04F9B452DD0B48B000A1C97 /* RepairerChatButton.swift */,
				D045FAEF2DE3132F0060FFA7 /* ApplianceCard.swift */,
				D021F7A92DC7A9E10035DDE1 /* MessageBubble.swift */,
			);
			path = Components;
			sourceTree = "<group>";
		};
		D014F28E2DAA9BD200AA4623 /* Models */ = {
			isa = PBXGroup;
			children = (
				D045FAE32DE313070060FFA7 /* Appliance.swift */,
				D014F28A2DAA9BD200AA4623 /* AuthDTOs.swift */,
				D014F28B2DAA9BD200AA4623 /* OnboardingState.swift */,
				D014F28D2DAA9BD200AA4623 /* UserDTO.swift */,
				D0A21B372DAC076900414398 /* Booking.swift */,
				D0A21B382DAC076900414398 /* BookingDTOs.swift */,
				D0A21B392DAC076900414398 /* Repairer.swift */,
				D0A21B3A2DAC076900414398 /* User.swift */,
				D021F7902DC7A94B0035DDE1 /* Message.swift */,
				D021F7912DC7A94B0035DDE1 /* MessageDTOs.swift */,
			);
			path = Models;
			sourceTree = "<group>";
		};
		D014F2902DAA9BD200AA4623 /* Preview Content */ = {
			isa = PBXGroup;
			children = (
				D014F28F2DAA9BD200AA4623 /* Preview Assets.xcassets */,
			);
			path = "Preview Content";
			sourceTree = "<group>";
		};
		D014F2982DAA9BD200AA4623 /* Networking */ = {
			isa = PBXGroup;
			children = (
				D014F2912DAA9BD200AA4623 /* APIEndpoint.swift */,
				D014F2922DAA9BD200AA4623 /* APIEndpointProtocol.swift */,
				D014F2932DAA9BD200AA4623 /* AuthNetworkService.swift */,
				D021F7C02DC7AF180035DDE1 /* BookingNetworkService.swift */,
				D045FB032DE353AC0060FFA7 /* ApplianceNetworkService.swift */,
				D014F2942DAA9BD200AA4623 /* BaseNetworkService.swift */,
				D045FAE72DE313120060FFA7 /* ApplianceNetworkService.swift */,
				D014F2952DAA9BD200AA4623 /* NetworkError.swift */,
				D014F2962DAA9BD200AA4623 /* NetworkServiceProtocol.swift */,
				D014F2972DAA9BD200AA4623 /* UserNetworkService.swift */,
				D021F79C2DC7A9820035DDE1 /* ChatNetworkService.swift */,
			);
			path = Networking;
			sourceTree = "<group>";
		};
		D014F2992DAA9BD200AA4623 /* Services */ = {
			isa = PBXGroup;
			children = (
				D014F2982DAA9BD200AA4623 /* Networking */,
				D04F9B392DD09F6A000A1C97 /* UserCacheService.swift */,
				D045FADF2DE30AD20060FFA7 /* NotificationManager.swift */,
			);
			path = Services;
			sourceTree = "<group>";
		};
		D014F29D2DAA9BD200AA4623 /* ViewModels */ = {
			isa = PBXGroup;
			children = (
				D014F29A2DAA9BD200AA4623 /* AuthViewModel.swift */,
				D014F29B2DAA9BD200AA4623 /* OnboardingViewModel.swift */,
				D04F9B252DD08510000A1C97 /* RepairerAuthViewModel.swift */,
				D045FAEB2DE3131F0060FFA7 /* ApplianceViewModel.swift */,
				D045FAFB2DE3539F0060FFA7 /* ApplianceDetailViewModel.swift */,
				D014F29C2DAA9BD200AA4623 /* UserViewModel.swift */,
				D021F7B42DC7AE4A0035DDE1 /* BookingsViewModel.swift */,
				D021F7A42DC7A9AF0035DDE1 /* ChatViewModel.swift */,
			);
			path = ViewModels;
			sourceTree = "<group>";
		};
		D014F2A62DAA9BD200AA4623 /* Views */ = {
			isa = PBXGroup;
			children = (
				D014F29E2DAA9BD200AA4623 /* AnimatedImageView.swift */,
				D014F29F2DAA9BD200AA4623 /* CheckboxToggleStyle.swift */,
				D0A21B332DAC072C00414398 /* RepairerBookingView.swift */,
				D04F9B3D2DD0ADE9000A1C97 /* RepairerChatView.swift */,
				D05BC6842DAD6CC100AB5DB4 /* CompleteInfoView.swift */,
				D07FF4C82DC7B6F9001EFBDF /* SimpleChatView.swift */,
				D021F7B82DC7AE5E0035DDE1 /* BookingsListView.swift */,
				D045FAFF2DE353A70060FFA7 /* ApplianceDetailView.swift */,
				D014F2A02DAA9BD200AA4623 /* HomeView.swift */,
				D045FAF32DE318D70060FFA7 /* MenuView.swift */,
				D04F9B292DD08533000A1C97 /* RepairerSignInView.swift */,
				D014F2A12DAA9BD200AA4623 /* LogoView.swift */,
				D04F9B2D2DD08540000A1C97 /* RepairerSignUpView.swift */,
				D04F9B312DD0854E000A1C97 /* RepairerProfileView.swift */,
				D021F7BC2DC7AE960035DDE1 /* EnhancedChatView.swift */,
				D04F9B352DD085C7000A1C97 /* RepairerHomeView.swift */,
				D014F2A22DAA9BD200AA4623 /* OnboardingView.swift */,
				D05BC6882DAD6CD500AB5DB4 /* ProfileSettingsView.swift */,
				D014F2A32DAA9BD200AA4623 /* SignInView.swift */,
				D05BC6952DAD773A00AB5DB4 /* RepairerProfileView.swift */,
				D014F2A42DAA9BD200AA4623 /* SignUpView.swift */,
				D014F2A52DAA9BD200AA4623 /* SocialLoginView.swift */,
				D0A21B232DAC058700414398 /* NearbyRepairersView.swift */,
				D0A21B242DAC058700414398 /* RepairerBookingView.swift */,
				D05BC6912DAD711400AB5DB4 /* HelperViews */,
				D021F7B02DC7AA000035DDE1 /* ChatView.swift */,
			);
			path = Views;
			sourceTree = "<group>";
		};
		D014F2AA2DAA9BD200AA4623 /* Applicare-UI */ = {
			isa = PBXGroup;
			children = (
				D021F7832DC7A8250035DDE1 /* Docs */,
				D014F2892DAA9BD200AA4623 /* Components */,
				D014F28E2DAA9BD200AA4623 /* Models */,
				D014F2902DAA9BD200AA4623 /* Preview Content */,
				D014F2992DAA9BD200AA4623 /* Services */,
				D014F29D2DAA9BD200AA4623 /* ViewModels */,
				D014F2A62DAA9BD200AA4623 /* Views */,
				D014F2A72DAA9BD200AA4623 /* Applicare_UIApp.swift */,
				D014F2A82DAA9BD200AA4623 /* Assets.xcassets */,
				D014F2A92DAA9BD200AA4623 /* ContentView.swift */,
				D02B94292DAAA55600F7F503 /* Animations */,
			);
			path = "Applicare-UI";
			sourceTree = "<group>";
		};
		D014F2AE2DAA9BD200AA4623 /* Applicare-UITests */ = {
			isa = PBXGroup;
			children = (
			);
			path = "Applicare-UITests";
			sourceTree = "<group>";
		};
		D014F2B12DAA9BD200AA4623 /* Applicare-UIUITests */ = {
			isa = PBXGroup;
			children = (
			);
			path = "Applicare-UIUITests";
			sourceTree = "<group>";
		};
		D014F2B32DAA9BD200AA4623 /* Products */ = {
			isa = PBXGroup;
			children = (
			);
			name = Products;
			sourceTree = "<group>";
		};
		D021F7832DC7A8250035DDE1 /* Docs */ = {
			isa = PBXGroup;
			children = (
				D021F7882DC7A8550035DDE1 /* chat_protocol.yaml */,
				D021F7892DC7A8550035DDE1 /* swagger.yaml */,
			);
			path = Docs;
			sourceTree = "<group>";
		};
		D02B94292DAAA55600F7F503 /* Animations */ = {
			isa = PBXGroup;
			children = (
				D02B94232DAAA54C00F7F503 /* Electrician.json */,
				D02B94242DAAA54C00F7F503 /* Plumber.json */,
				D02B94252DAAA54C00F7F503 /* Repair.json */,
			);
			path = Animations;
			sourceTree = "<group>";
		};
		D05BC6912DAD711400AB5DB4 /* HelperViews */ = {
			isa = PBXGroup;
			children = (
				D05BC6902DAD711400AB5DB4 /* InfoRow.swift */,
			);
			path = HelperViews;
			sourceTree = "<group>";
		};
		D08386592D7D8A0500BDB7FA = {
			isa = PBXGroup;
			children = (
				D014F2AA2DAA9BD200AA4623 /* Applicare-UI */,
				D014F2AB2DAA9BD200AA4623 /* Applicare-UI.xcodeproj */,
				D014F2AE2DAA9BD200AA4623 /* Applicare-UITests */,
				D014F2B12DAA9BD200AA4623 /* Applicare-UIUITests */,
				D08386632D7D8A0500BDB7FA /* Products */,
				F7D66BF494F8A20034CB05E6 /* Pods */,
				B639E9E6D0241A77ED1921CE /* Frameworks */,
			);
			sourceTree = "<group>";
		};
		D08386632D7D8A0500BDB7FA /* Products */ = {
			isa = PBXGroup;
			children = (
				D08386622D7D8A0500BDB7FA /* Applicare-UI.app */,
				D08386722D7D8A0700BDB7FA /* Applicare-UITests.xctest */,
				D083867C2D7D8A0700BDB7FA /* Applicare-UIUITests.xctest */,
			);
			name = Products;
			sourceTree = "<group>";
		};
		F7D66BF494F8A20034CB05E6 /* Pods */ = {
			isa = PBXGroup;
			children = (
				A4AE8928130BEC79711E7895 /* Pods-Applicare-UI.debug.xcconfig */,
				583894F6C1D4E4E97848AEAC /* Pods-Applicare-UI.release.xcconfig */,
				E8F0EC1D3E117F360707912A /* Pods-Applicare-UI-Applicare-UIUITests.debug.xcconfig */,
				14151306B5842ECF6A228391 /* Pods-Applicare-UI-Applicare-UIUITests.release.xcconfig */,
				35C15EB8207933C9438B3B5A /* Pods-Applicare-UITests.debug.xcconfig */,
				8199427BC32C13F4B396A74B /* Pods-Applicare-UITests.release.xcconfig */,
			);
			path = Pods;
			sourceTree = "<group>";
		};
/* End PBXGroup section */

/* Begin PBXNativeTarget section */
		D08386612D7D8A0500BDB7FA /* Applicare-UI */ = {
			isa = PBXNativeTarget;
			buildConfigurationList = D08386862D7D8A0700BDB7FA /* Build configuration list for PBXNativeTarget "Applicare-UI" */;
			buildPhases = (
				7CBD9439D91410622AB80934 /* [CP] Check Pods Manifest.lock */,
				D083865E2D7D8A0500BDB7FA /* Sources */,
				D22D5955D2B1094AD65C1743 /* Frameworks */,
				D08386602D7D8A0500BDB7FA /* Resources */,
				AD30B9B410354D5B63D0CF27 /* [CP] Embed Pods Frameworks */,
			);
			buildRules = (
			);
			dependencies = (
			);
			name = "Applicare-UI";
			productName = "Applicare-UI";
			productReference = D08386622D7D8A0500BDB7FA /* Applicare-UI.app */;
			productType = "com.apple.product-type.application";
		};
		D08386712D7D8A0700BDB7FA /* Applicare-UITests */ = {
			isa = PBXNativeTarget;
			buildConfigurationList = D08386892D7D8A0700BDB7FA /* Build configuration list for PBXNativeTarget "Applicare-UITests" */;
			buildPhases = (
				8D7F0C42E726C401B39EDD4E /* [CP] Check Pods Manifest.lock */,
				D083866E2D7D8A0700BDB7FA /* Sources */,
				D083866F2D7D8A0700BDB7FA /* Frameworks */,
				D08386702D7D8A0700BDB7FA /* Resources */,
			);
			buildRules = (
			);
			dependencies = (
				D08386742D7D8A0700BDB7FA /* PBXTargetDependency */,
			);
			name = "Applicare-UITests";
			productName = "Applicare-UITests";
			productReference = D08386722D7D8A0700BDB7FA /* Applicare-UITests.xctest */;
			productType = "com.apple.product-type.bundle.unit-test";
		};
		D083867B2D7D8A0700BDB7FA /* Applicare-UIUITests */ = {
			isa = PBXNativeTarget;
			buildConfigurationList = D083868C2D7D8A0700BDB7FA /* Build configuration list for PBXNativeTarget "Applicare-UIUITests" */;
			buildPhases = (
				04F2E430AA95FC6EA6DC176C /* [CP] Check Pods Manifest.lock */,
				D08386782D7D8A0700BDB7FA /* Sources */,
				D08386792D7D8A0700BDB7FA /* Frameworks */,
				D083867A2D7D8A0700BDB7FA /* Resources */,
				EBD64DA30EFAC47585376796 /* [CP] Embed Pods Frameworks */,
			);
			buildRules = (
			);
			dependencies = (
				D083867E2D7D8A0700BDB7FA /* PBXTargetDependency */,
			);
			name = "Applicare-UIUITests";
			productName = "Applicare-UIUITests";
			productReference = D083867C2D7D8A0700BDB7FA /* Applicare-UIUITests.xctest */;
			productType = "com.apple.product-type.bundle.ui-testing";
		};
/* End PBXNativeTarget section */

/* Begin PBXProject section */
		D083865A2D7D8A0500BDB7FA /* Project object */ = {
			isa = PBXProject;
			attributes = {
				BuildIndependentTargetsInParallel = 1;
				LastSwiftUpdateCheck = 1620;
				LastUpgradeCheck = 1620;
				TargetAttributes = {
					D08386612D7D8A0500BDB7FA = {
						CreatedOnToolsVersion = 16.2;
					};
					D08386712D7D8A0700BDB7FA = {
						CreatedOnToolsVersion = 16.2;
						TestTargetID = D08386612D7D8A0500BDB7FA;
					};
					D083867B2D7D8A0700BDB7FA = {
						CreatedOnToolsVersion = 16.2;
						TestTargetID = D08386612D7D8A0500BDB7FA;
					};
				};
			};
			buildConfigurationList = D083865D2D7D8A0500BDB7FA /* Build configuration list for PBXProject "Applicare-UI" */;
			developmentRegion = en;
			hasScannedForEncodings = 0;
			knownRegions = (
				en,
				Base,
			);
			mainGroup = D08386592D7D8A0500BDB7FA;
			minimizedProjectReferenceProxies = 1;
			preferredProjectObjectVersion = 77;
			productRefGroup = D08386632D7D8A0500BDB7FA /* Products */;
			projectDirPath = "";
			projectReferences = (
				{
					ProductGroup = D014F2B32DAA9BD200AA4623 /* Products */;
					ProjectRef = D014F2AB2DAA9BD200AA4623 /* Applicare-UI.xcodeproj */;
				},
			);
			projectRoot = "";
			targets = (
				D08386612D7D8A0500BDB7FA /* Applicare-UI */,
				D08386712D7D8A0700BDB7FA /* Applicare-UITests */,
				D083867B2D7D8A0700BDB7FA /* Applicare-UIUITests */,
			);
		};
/* End PBXProject section */

/* Begin PBXResourcesBuildPhase section */
		D08386602D7D8A0500BDB7FA /* Resources */ = {
			isa = PBXResourcesBuildPhase;
			buildActionMask = 2147483647;
			files = (
				D02B94262DAAA54C00F7F503 /* Repair.json in Resources */,
				D02B94272DAAA54C00F7F503 /* Plumber.json in Resources */,
				D021F78E2DC7A8550035DDE1 /* chat_protocol.yaml in Resources */,
				D021F78F2DC7A8550035DDE1 /* swagger.yaml in Resources */,
				D02B94282DAAA54C00F7F503 /* Electrician.json in Resources */,
				D014F2F52DAA9BD200AA4623 /* Assets.xcassets in Resources */,
				D014F2F62DAA9BD200AA4623 /* Preview Assets.xcassets in Resources */,
			);
			runOnlyForDeploymentPostprocessing = 0;
		};
		D08386702D7D8A0700BDB7FA /* Resources */ = {
			isa = PBXResourcesBuildPhase;
			buildActionMask = 2147483647;
			files = (
				D021F78A2DC7A8550035DDE1 /* chat_protocol.yaml in Resources */,
				D021F78B2DC7A8550035DDE1 /* swagger.yaml in Resources */,
				D014F2B52DAA9BD200AA4623 /* Assets.xcassets in Resources */,
				D014F2B62DAA9BD200AA4623 /* Preview Assets.xcassets in Resources */,
			);
			runOnlyForDeploymentPostprocessing = 0;
		};
		D083867A2D7D8A0700BDB7FA /* Resources */ = {
			isa = PBXResourcesBuildPhase;
			buildActionMask = 2147483647;
			files = (
				D021F78C2DC7A8550035DDE1 /* chat_protocol.yaml in Resources */,
				D021F78D2DC7A8550035DDE1 /* swagger.yaml in Resources */,
				D014F2F32DAA9BD200AA4623 /* Assets.xcassets in Resources */,
				D014F2F42DAA9BD200AA4623 /* Preview Assets.xcassets in Resources */,
			);
			runOnlyForDeploymentPostprocessing = 0;
		};
/* End PBXResourcesBuildPhase section */

/* Begin PBXShellScriptBuildPhase section */
		04F2E430AA95FC6EA6DC176C /* [CP] Check Pods Manifest.lock */ = {
			isa = PBXShellScriptBuildPhase;
			buildActionMask = 2147483647;
			files = (
			);
			inputFileListPaths = (
			);
			inputPaths = (
				"${PODS_PODFILE_DIR_PATH}/Podfile.lock",
				"${PODS_ROOT}/Manifest.lock",
			);
			name = "[CP] Check Pods Manifest.lock";
			outputFileListPaths = (
			);
			outputPaths = (
				"$(DERIVED_FILE_DIR)/Pods-Applicare-UI-Applicare-UIUITests-checkManifestLockResult.txt",
			);
			runOnlyForDeploymentPostprocessing = 0;
			shellPath = /bin/sh;
			shellScript = "diff \"${PODS_PODFILE_DIR_PATH}/Podfile.lock\" \"${PODS_ROOT}/Manifest.lock\" > /dev/null\nif [ $? != 0 ] ; then\n    # print error to STDERR\n    echo \"error: The sandbox is not in sync with the Podfile.lock. Run 'pod install' or update your CocoaPods installation.\" >&2\n    exit 1\nfi\n# This output is used by Xcode 'outputs' to avoid re-running this script phase.\necho \"SUCCESS\" > \"${SCRIPT_OUTPUT_FILE_0}\"\n";
			showEnvVarsInLog = 0;
		};
		7CBD9439D91410622AB80934 /* [CP] Check Pods Manifest.lock */ = {
			isa = PBXShellScriptBuildPhase;
			buildActionMask = 2147483647;
			files = (
			);
			inputFileListPaths = (
			);
			inputPaths = (
				"${PODS_PODFILE_DIR_PATH}/Podfile.lock",
				"${PODS_ROOT}/Manifest.lock",
			);
			name = "[CP] Check Pods Manifest.lock";
			outputFileListPaths = (
			);
			outputPaths = (
				"$(DERIVED_FILE_DIR)/Pods-Applicare-UI-checkManifestLockResult.txt",
			);
			runOnlyForDeploymentPostprocessing = 0;
			shellPath = /bin/sh;
			shellScript = "diff \"${PODS_PODFILE_DIR_PATH}/Podfile.lock\" \"${PODS_ROOT}/Manifest.lock\" > /dev/null\nif [ $? != 0 ] ; then\n    # print error to STDERR\n    echo \"error: The sandbox is not in sync with the Podfile.lock. Run 'pod install' or update your CocoaPods installation.\" >&2\n    exit 1\nfi\n# This output is used by Xcode 'outputs' to avoid re-running this script phase.\necho \"SUCCESS\" > \"${SCRIPT_OUTPUT_FILE_0}\"\n";
			showEnvVarsInLog = 0;
		};
		8D7F0C42E726C401B39EDD4E /* [CP] Check Pods Manifest.lock */ = {
			isa = PBXShellScriptBuildPhase;
			buildActionMask = 2147483647;
			files = (
			);
			inputFileListPaths = (
			);
			inputPaths = (
				"${PODS_PODFILE_DIR_PATH}/Podfile.lock",
				"${PODS_ROOT}/Manifest.lock",
			);
			name = "[CP] Check Pods Manifest.lock";
			outputFileListPaths = (
			);
			outputPaths = (
				"$(DERIVED_FILE_DIR)/Pods-Applicare-UITests-checkManifestLockResult.txt",
			);
			runOnlyForDeploymentPostprocessing = 0;
			shellPath = /bin/sh;
			shellScript = "diff \"${PODS_PODFILE_DIR_PATH}/Podfile.lock\" \"${PODS_ROOT}/Manifest.lock\" > /dev/null\nif [ $? != 0 ] ; then\n    # print error to STDERR\n    echo \"error: The sandbox is not in sync with the Podfile.lock. Run 'pod install' or update your CocoaPods installation.\" >&2\n    exit 1\nfi\n# This output is used by Xcode 'outputs' to avoid re-running this script phase.\necho \"SUCCESS\" > \"${SCRIPT_OUTPUT_FILE_0}\"\n";
			showEnvVarsInLog = 0;
		};
		AD30B9B410354D5B63D0CF27 /* [CP] Embed Pods Frameworks */ = {
			isa = PBXShellScriptBuildPhase;
			buildActionMask = 2147483647;
			files = (
			);
			inputFileListPaths = (
				"${PODS_ROOT}/Target Support Files/Pods-Applicare-UI/Pods-Applicare-UI-frameworks-${CONFIGURATION}-input-files.xcfilelist",
			);
			inputPaths = (
			);
			name = "[CP] Embed Pods Frameworks";
			outputFileListPaths = (
				"${PODS_ROOT}/Target Support Files/Pods-Applicare-UI/Pods-Applicare-UI-frameworks-${CONFIGURATION}-output-files.xcfilelist",
			);
			outputPaths = (
			);
			runOnlyForDeploymentPostprocessing = 0;
			shellPath = /bin/sh;
			shellScript = "\"${PODS_ROOT}/Target Support Files/Pods-Applicare-UI/Pods-Applicare-UI-frameworks.sh\"\n";
			showEnvVarsInLog = 0;
		};
		EBD64DA30EFAC47585376796 /* [CP] Embed Pods Frameworks */ = {
			isa = PBXShellScriptBuildPhase;
			buildActionMask = 2147483647;
			files = (
			);
			inputFileListPaths = (
				"${PODS_ROOT}/Target Support Files/Pods-Applicare-UI-Applicare-UIUITests/Pods-Applicare-UI-Applicare-UIUITests-frameworks-${CONFIGURATION}-input-files.xcfilelist",
			);
			inputPaths = (
			);
			name = "[CP] Embed Pods Frameworks";
			outputFileListPaths = (
				"${PODS_ROOT}/Target Support Files/Pods-Applicare-UI-Applicare-UIUITests/Pods-Applicare-UI-Applicare-UIUITests-frameworks-${CONFIGURATION}-output-files.xcfilelist",
			);
			outputPaths = (
			);
			runOnlyForDeploymentPostprocessing = 0;
			shellPath = /bin/sh;
			shellScript = "\"${PODS_ROOT}/Target Support Files/Pods-Applicare-UI-Applicare-UIUITests/Pods-Applicare-UI-Applicare-UIUITests-frameworks.sh\"\n";
			showEnvVarsInLog = 0;
		};
/* End PBXShellScriptBuildPhase section */

/* Begin PBXSourcesBuildPhase section */
		D083865E2D7D8A0500BDB7FA /* Sources */ = {
			isa = PBXSourcesBuildPhase;
			buildActionMask = 2147483647;
			files = (
				D021F7962DC7A94C0035DDE1 /* Message.swift in Sources */,
				D04F9B332DD0854E000A1C97 /* RepairerProfileView.swift in Sources */,
				D021F7972DC7A94C0035DDE1 /* MessageDTOs.swift in Sources */,
				D014F2F72DAA9BD200AA4623 /* SignUpView.swift in Sources */,
				D045FAFC2DE3539F0060FFA7 /* ApplianceDetailViewModel.swift in Sources */,
				D045FAE52DE313070060FFA7 /* Appliance.swift in Sources */,
				D014F2F82DAA9BD200AA4623 /* BaseNetworkService.swift in Sources */,
				D021F7BA2DC7AE5E0035DDE1 /* BookingsListView.swift in Sources */,
				D021F7BE2DC7AE960035DDE1 /* EnhancedChatView.swift in Sources */,
				D04F9B372DD085C7000A1C97 /* RepairerHomeView.swift in Sources */,
				D0A21B432DAC076900414398 /* Booking.swift in Sources */,
				D0A21B442DAC076900414398 /* BookingDTOs.swift in Sources */,
				D05BC6972DAD773A00AB5DB4 /* RepairerProfileView.swift in Sources */,
				D05BC68B2DAD6CD500AB5DB4 /* ProfileSettingsView.swift in Sources */,
				D04F9B2E2DD08540000A1C97 /* RepairerSignUpView.swift in Sources */,
				D0A21B452DAC076900414398 /* Repairer.swift in Sources */,
				D0A21B462DAC076900414398 /* User.swift in Sources */,
				D014F2F92DAA9BD200AA4623 /* SocialButton.swift in Sources */,
				D04F9B3A2DD09F6A000A1C97 /* UserCacheService.swift in Sources */,
				D014F2FA2DAA9BD200AA4623 /* UserNetworkService.swift in Sources */,
				D014F2FB2DAA9BD200AA4623 /* CustomTextField.swift in Sources */,
				D045FAF52DE318D70060FFA7 /* MenuView.swift in Sources */,
				D014F2FF2DAA9BD200AA4623 /* AnimatedImageView.swift in Sources */,
				D014F3002DAA9BD200AA4623 /* NetworkError.swift in Sources */,
				D014F3012DAA9BD200AA4623 /* ContentView.swift in Sources */,
				D014F3022DAA9BD200AA4623 /* SocialLoginView.swift in Sources */,
				D045FAF82DE330DD0060FFA7 /* BookingCardContent.swift in Sources */,
				D045FAEA2DE313120060FFA7 /* ApplianceNetworkService.swift in Sources */,
				D014F3032DAA9BD200AA4623 /* APIEndpointProtocol.swift in Sources */,
				D014F3042DAA9BD200AA4623 /* APIEndpoint.swift in Sources */,
				D045FAEE2DE3131F0060FFA7 /* ApplianceViewModel.swift in Sources */,
				D04F9B462DD0B48B000A1C97 /* RepairerChatButton.swift in Sources */,
				D014F3052DAA9BD200AA4623 /* UserViewModel.swift in Sources */,
				D04F9B262DD08510000A1C97 /* RepairerAuthViewModel.swift in Sources */,
				D014F3062DAA9BD200AA4623 /* OnboardingState.swift in Sources */,
				D05BC6872DAD6CC100AB5DB4 /* CompleteInfoView.swift in Sources */,
				D021F79F2DC7A9820035DDE1 /* ChatNetworkService.swift in Sources */,
				D014F3072DAA9BD200AA4623 /* AuthNetworkService.swift in Sources */,
				D07FF4CB2DC7B6F9001EFBDF /* SimpleChatView.swift in Sources */,
				D014F3082DAA9BD200AA4623 /* NetworkServiceProtocol.swift in Sources */,
				D014F3092DAA9BD200AA4623 /* AuthViewModel.swift in Sources */,
				D04F9B2A2DD08533000A1C97 /* RepairerSignInView.swift in Sources */,
				D021F7B52DC7AE4A0035DDE1 /* BookingsViewModel.swift in Sources */,
				D0A21B252DAC058700414398 /* NearbyRepairersView.swift in Sources */,
				D021F7AC2DC7A9E10035DDE1 /* MessageBubble.swift in Sources */,
				D021F7AD2DC7A9E10035DDE1 /* ChatButton.swift in Sources */,
				D0A21B262DAC058700414398 /* RepairerBookingView.swift in Sources */,
				D0A21B352DAC072C00414398 /* RepairerBookingView.swift in Sources */,
				D045FAE22DE30AD20060FFA7 /* NotificationManager.swift in Sources */,
				D014F30B2DAA9BD200AA4623 /* SignInView.swift in Sources */,
				D014F30C2DAA9BD200AA4623 /* LogoView.swift in Sources */,
				D014F30D2DAA9BD200AA4623 /* HomeView.swift in Sources */,
				D014F30E2DAA9BD200AA4623 /* AuthDTOs.swift in Sources */,
				D021F7B22DC7AA000035DDE1 /* ChatView.swift in Sources */,
				D014F3102DAA9BD200AA4623 /* Applicare_UIApp.swift in Sources */,
				D045FB022DE353A70060FFA7 /* ApplianceDetailView.swift in Sources */,
				D045FB062DE353AC0060FFA7 /* ApplianceNetworkService.swift in Sources */,
				D05BC6922DAD711400AB5DB4 /* InfoRow.swift in Sources */,
				D045FAF02DE3132F0060FFA7 /* ApplianceCard.swift in Sources */,
				D04F9B3E2DD0ADE9000A1C97 /* RepairerChatView.swift in Sources */,
				D014F3112DAA9BD200AA4623 /* OnboardingView.swift in Sources */,
				D021F7C22DC7AF180035DDE1 /* BookingNetworkService.swift in Sources */,
				D014F3122DAA9BD200AA4623 /* OnboardingViewModel.swift in Sources */,
				D014F3132DAA9BD200AA4623 /* CheckboxToggleStyle.swift in Sources */,
				D014F3142DAA9BD200AA4623 /* UserDTO.swift in Sources */,
				D0188A032DAA9B12004EDD00 /* Applicare-UI.app in Sources */,
				D0188A042DAA9B33004EDD00 /* Applicare-UITests.xctest in Sources */,
				D021F7A72DC7A9AF0035DDE1 /* ChatViewModel.swift in Sources */,
				D0188A052DAA9B33004EDD00 /* Applicare-UIUITests.xctest in Sources */,
			);
			runOnlyForDeploymentPostprocessing = 0;
		};
		D083866E2D7D8A0700BDB7FA /* Sources */ = {
			isa = PBXSourcesBuildPhase;
			buildActionMask = 2147483647;
			files = (
				D045FB042DE353AC0060FFA7 /* ApplianceNetworkService.swift in Sources */,
				D04F9B2C2DD08533000A1C97 /* RepairerSignInView.swift in Sources */,
				D021F7942DC7A94C0035DDE1 /* Message.swift in Sources */,
				D021F7952DC7A94C0035DDE1 /* MessageDTOs.swift in Sources */,
				D021F7BD2DC7AE960035DDE1 /* EnhancedChatView.swift in Sources */,
				D021F79E2DC7A9820035DDE1 /* ChatNetworkService.swift in Sources */,
				D021F7B12DC7AA000035DDE1 /* ChatView.swift in Sources */,
				D014F2B72DAA9BD200AA4623 /* SignUpView.swift in Sources */,
				D014F2B82DAA9BD200AA4623 /* BaseNetworkService.swift in Sources */,
				D014F2B92DAA9BD200AA4623 /* SocialButton.swift in Sources */,
				D014F2BA2DAA9BD200AA4623 /* UserNetworkService.swift in Sources */,
				D014F2BB2DAA9BD200AA4623 /* CustomTextField.swift in Sources */,
				D014F2BF2DAA9BD200AA4623 /* AnimatedImageView.swift in Sources */,
				D04F9B302DD08540000A1C97 /* RepairerSignUpView.swift in Sources */,
				D014F2C02DAA9BD200AA4623 /* NetworkError.swift in Sources */,
				D014F2C12DAA9BD200AA4623 /* ContentView.swift in Sources */,
				D05BC6942DAD711400AB5DB4 /* InfoRow.swift in Sources */,
				D021F7A52DC7A9AF0035DDE1 /* ChatViewModel.swift in Sources */,
				D014F2C22DAA9BD200AA4623 /* SocialLoginView.swift in Sources */,
				D0A21B342DAC072C00414398 /* RepairerBookingView.swift in Sources */,
				D014F2C32DAA9BD200AA4623 /* APIEndpointProtocol.swift in Sources */,
				D05BC6852DAD6CC100AB5DB4 /* CompleteInfoView.swift in Sources */,
				D014F2C42DAA9BD200AA4623 /* APIEndpoint.swift in Sources */,
				D05BC6962DAD773A00AB5DB4 /* RepairerProfileView.swift in Sources */,
				D021F7B62DC7AE4A0035DDE1 /* BookingsViewModel.swift in Sources */,
				D021F7BB2DC7AE5E0035DDE1 /* BookingsListView.swift in Sources */,
				D045FAF62DE318D70060FFA7 /* MenuView.swift in Sources */,
				D014F2C52DAA9BD200AA4623 /* UserViewModel.swift in Sources */,
				D045FAE82DE313120060FFA7 /* ApplianceNetworkService.swift in Sources */,
				D04F9B322DD0854E000A1C97 /* RepairerProfileView.swift in Sources */,
				D014F2C62DAA9BD200AA4623 /* OnboardingState.swift in Sources */,
				D021F7AA2DC7A9E10035DDE1 /* MessageBubble.swift in Sources */,
				D021F7AB2DC7A9E10035DDE1 /* ChatButton.swift in Sources */,
				D021F7C32DC7AF180035DDE1 /* BookingNetworkService.swift in Sources */,
				D014F2C72DAA9BD200AA4623 /* AuthNetworkService.swift in Sources */,
				D014F2C82DAA9BD200AA4623 /* NetworkServiceProtocol.swift in Sources */,
				D05BC6892DAD6CD500AB5DB4 /* ProfileSettingsView.swift in Sources */,
				D014F2C92DAA9BD200AA4623 /* AuthViewModel.swift in Sources */,
				D014F2CB2DAA9BD200AA4623 /* SignInView.swift in Sources */,
				D014F2CC2DAA9BD200AA4623 /* LogoView.swift in Sources */,
				D045FAE02DE30AD20060FFA7 /* NotificationManager.swift in Sources */,
				D04F9B3C2DD09F6A000A1C97 /* UserCacheService.swift in Sources */,
				D014F2CD2DAA9BD200AA4623 /* HomeView.swift in Sources */,
				D04F9B472DD0B48B000A1C97 /* RepairerChatButton.swift in Sources */,
				D045FAFD2DE3539F0060FFA7 /* ApplianceDetailViewModel.swift in Sources */,
				D014F2CE2DAA9BD200AA4623 /* AuthDTOs.swift in Sources */,
				D045FAFA2DE330DD0060FFA7 /* BookingCardContent.swift in Sources */,
				D014F2D02DAA9BD200AA4623 /* Applicare_UIApp.swift in Sources */,
				D014F2D12DAA9BD200AA4623 /* OnboardingView.swift in Sources */,
				D07FF4C92DC7B6F9001EFBDF /* SimpleChatView.swift in Sources */,
				D045FAEC2DE3131F0060FFA7 /* ApplianceViewModel.swift in Sources */,
				D045FB012DE353A70060FFA7 /* ApplianceDetailView.swift in Sources */,
				D04F9B402DD0ADE9000A1C97 /* RepairerChatView.swift in Sources */,
				D014F2D22DAA9BD200AA4623 /* OnboardingViewModel.swift in Sources */,
				D045FAF22DE3132F0060FFA7 /* ApplianceCard.swift in Sources */,
				D045FAE62DE313070060FFA7 /* Appliance.swift in Sources */,
				D04F9B272DD08510000A1C97 /* RepairerAuthViewModel.swift in Sources */,
				D014F2D32DAA9BD200AA4623 /* CheckboxToggleStyle.swift in Sources */,
				D014F2D42DAA9BD200AA4623 /* UserDTO.swift in Sources */,
				D0A21B3B2DAC076900414398 /* Booking.swift in Sources */,
				D0A21B3C2DAC076900414398 /* BookingDTOs.swift in Sources */,
				D0A21B3D2DAC076900414398 /* Repairer.swift in Sources */,
				D0A21B3E2DAC076900414398 /* User.swift in Sources */,
				D04F9B382DD085C7000A1C97 /* RepairerHomeView.swift in Sources */,
			);
			runOnlyForDeploymentPostprocessing = 0;
		};
		D08386782D7D8A0700BDB7FA /* Sources */ = {
			isa = PBXSourcesBuildPhase;
			buildActionMask = 2147483647;
			files = (
				D045FB052DE353AC0060FFA7 /* ApplianceNetworkService.swift in Sources */,
				D04F9B2B2DD08533000A1C97 /* RepairerSignInView.swift in Sources */,
				D021F7922DC7A94C0035DDE1 /* Message.swift in Sources */,
				D021F7932DC7A94C0035DDE1 /* MessageDTOs.swift in Sources */,
				D021F7BF2DC7AE960035DDE1 /* EnhancedChatView.swift in Sources */,
				D021F79D2DC7A9820035DDE1 /* ChatNetworkService.swift in Sources */,
				D021F7B32DC7AA000035DDE1 /* ChatView.swift in Sources */,
				D014F2D52DAA9BD200AA4623 /* SignUpView.swift in Sources */,
				D014F2D62DAA9BD200AA4623 /* BaseNetworkService.swift in Sources */,
				D014F2D72DAA9BD200AA4623 /* SocialButton.swift in Sources */,
				D014F2D82DAA9BD200AA4623 /* UserNetworkService.swift in Sources */,
				D014F2D92DAA9BD200AA4623 /* CustomTextField.swift in Sources */,
				D014F2DD2DAA9BD200AA4623 /* AnimatedImageView.swift in Sources */,
				D04F9B2F2DD08540000A1C97 /* RepairerSignUpView.swift in Sources */,
				D014F2DE2DAA9BD200AA4623 /* NetworkError.swift in Sources */,
				D014F2DF2DAA9BD200AA4623 /* ContentView.swift in Sources */,
				D05BC6932DAD711400AB5DB4 /* InfoRow.swift in Sources */,
				D021F7A62DC7A9AF0035DDE1 /* ChatViewModel.swift in Sources */,
				D014F2E02DAA9BD200AA4623 /* SocialLoginView.swift in Sources */,
				D0A21B362DAC072C00414398 /* RepairerBookingView.swift in Sources */,
				D014F2E12DAA9BD200AA4623 /* APIEndpointProtocol.swift in Sources */,
				D05BC6862DAD6CC100AB5DB4 /* CompleteInfoView.swift in Sources */,
				D014F2E22DAA9BD200AA4623 /* APIEndpoint.swift in Sources */,
				D05BC6982DAD773A00AB5DB4 /* RepairerProfileView.swift in Sources */,
				D021F7B72DC7AE4A0035DDE1 /* BookingsViewModel.swift in Sources */,
				D021F7B92DC7AE5E0035DDE1 /* BookingsListView.swift in Sources */,
				D045FAF42DE318D70060FFA7 /* MenuView.swift in Sources */,
				D014F2E32DAA9BD200AA4623 /* UserViewModel.swift in Sources */,
				D045FAE92DE313120060FFA7 /* ApplianceNetworkService.swift in Sources */,
				D04F9B342DD0854E000A1C97 /* RepairerProfileView.swift in Sources */,
				D014F2E42DAA9BD200AA4623 /* OnboardingState.swift in Sources */,
				D021F7AE2DC7A9E10035DDE1 /* MessageBubble.swift in Sources */,
				D021F7AF2DC7A9E10035DDE1 /* ChatButton.swift in Sources */,
				D021F7C12DC7AF180035DDE1 /* BookingNetworkService.swift in Sources */,
				D014F2E52DAA9BD200AA4623 /* AuthNetworkService.swift in Sources */,
				D014F2E62DAA9BD200AA4623 /* NetworkServiceProtocol.swift in Sources */,
				D05BC68A2DAD6CD500AB5DB4 /* ProfileSettingsView.swift in Sources */,
				D014F2E72DAA9BD200AA4623 /* AuthViewModel.swift in Sources */,
				D014F2E92DAA9BD200AA4623 /* SignInView.swift in Sources */,
				D014F2EA2DAA9BD200AA4623 /* LogoView.swift in Sources */,
				D045FAE12DE30AD20060FFA7 /* NotificationManager.swift in Sources */,
				D04F9B3B2DD09F6A000A1C97 /* UserCacheService.swift in Sources */,
				D014F2EB2DAA9BD200AA4623 /* HomeView.swift in Sources */,
				D04F9B482DD0B48B000A1C97 /* RepairerChatButton.swift in Sources */,
				D045FAFE2DE3539F0060FFA7 /* ApplianceDetailViewModel.swift in Sources */,
				D014F2EC2DAA9BD200AA4623 /* AuthDTOs.swift in Sources */,
				D045FAF92DE330DD0060FFA7 /* BookingCardContent.swift in Sources */,
				D014F2EE2DAA9BD200AA4623 /* Applicare_UIApp.swift in Sources */,
				D014F2EF2DAA9BD200AA4623 /* OnboardingView.swift in Sources */,
				D07FF4CA2DC7B6F9001EFBDF /* SimpleChatView.swift in Sources */,
				D045FAED2DE3131F0060FFA7 /* ApplianceViewModel.swift in Sources */,
				D045FB002DE353A70060FFA7 /* ApplianceDetailView.swift in Sources */,
				D04F9B3F2DD0ADE9000A1C97 /* RepairerChatView.swift in Sources */,
				D014F2F02DAA9BD200AA4623 /* OnboardingViewModel.swift in Sources */,
				D045FAF12DE3132F0060FFA7 /* ApplianceCard.swift in Sources */,
				D045FAE42DE313070060FFA7 /* Appliance.swift in Sources */,
				D04F9B282DD08510000A1C97 /* RepairerAuthViewModel.swift in Sources */,
				D014F2F12DAA9BD200AA4623 /* CheckboxToggleStyle.swift in Sources */,
				D014F2F22DAA9BD200AA4623 /* UserDTO.swift in Sources */,
				D0A21B3F2DAC076900414398 /* Booking.swift in Sources */,
				D0A21B402DAC076900414398 /* BookingDTOs.swift in Sources */,
				D0A21B412DAC076900414398 /* Repairer.swift in Sources */,
				D0A21B422DAC076900414398 /* User.swift in Sources */,
				D04F9B362DD085C7000A1C97 /* RepairerHomeView.swift in Sources */,
			);
			runOnlyForDeploymentPostprocessing = 0;
		};
/* End PBXSourcesBuildPhase section */

/* Begin PBXTargetDependency section */
		D08386742D7D8A0700BDB7FA /* PBXTargetDependency */ = {
			isa = PBXTargetDependency;
			target = D08386612D7D8A0500BDB7FA /* Applicare-UI */;
			targetProxy = D08386732D7D8A0700BDB7FA /* PBXContainerItemProxy */;
		};
		D083867E2D7D8A0700BDB7FA /* PBXTargetDependency */ = {
			isa = PBXTargetDependency;
			target = D08386612D7D8A0500BDB7FA /* Applicare-UI */;
			targetProxy = D083867D2D7D8A0700BDB7FA /* PBXContainerItemProxy */;
		};
/* End PBXTargetDependency section */

/* Begin XCBuildConfiguration section */
		D08386842D7D8A0700BDB7FA /* Debug */ = {
			isa = XCBuildConfiguration;
			buildSettings = {
				ALWAYS_SEARCH_USER_PATHS = NO;
				ASSETCATALOG_COMPILER_GENERATE_SWIFT_ASSET_SYMBOL_EXTENSIONS = YES;
				CLANG_ANALYZER_NONNULL = YES;
				CLANG_ANALYZER_NUMBER_OBJECT_CONVERSION = YES_AGGRESSIVE;
				CLANG_CXX_LANGUAGE_STANDARD = "gnu++20";
				CLANG_ENABLE_MODULES = YES;
				CLANG_ENABLE_OBJC_ARC = YES;
				CLANG_ENABLE_OBJC_WEAK = YES;
				CLANG_WARN_BLOCK_CAPTURE_AUTORELEASING = YES;
				CLANG_WARN_BOOL_CONVERSION = YES;
				CLANG_WARN_COMMA = YES;
				CLANG_WARN_CONSTANT_CONVERSION = YES;
				CLANG_WARN_DEPRECATED_OBJC_IMPLEMENTATIONS = YES;
				CLANG_WARN_DIRECT_OBJC_ISA_USAGE = YES_ERROR;
				CLANG_WARN_DOCUMENTATION_COMMENTS = YES;
				CLANG_WARN_EMPTY_BODY = YES;
				CLANG_WARN_ENUM_CONVERSION = YES;
				CLANG_WARN_INFINITE_RECURSION = YES;
				CLANG_WARN_INT_CONVERSION = YES;
				CLANG_WARN_NON_LITERAL_NULL_CONVERSION = YES;
				CLANG_WARN_OBJC_IMPLICIT_RETAIN_SELF = YES;
				CLANG_WARN_OBJC_LITERAL_CONVERSION = YES;
				CLANG_WARN_OBJC_ROOT_CLASS = YES_ERROR;
				CLANG_WARN_QUOTED_INCLUDE_IN_FRAMEWORK_HEADER = YES;
				CLANG_WARN_RANGE_LOOP_ANALYSIS = YES;
				CLANG_WARN_STRICT_PROTOTYPES = YES;
				CLANG_WARN_SUSPICIOUS_MOVE = YES;
				CLANG_WARN_UNGUARDED_AVAILABILITY = YES_AGGRESSIVE;
				CLANG_WARN_UNREACHABLE_CODE = YES;
				CLANG_WARN__DUPLICATE_METHOD_MATCH = YES;
				COPY_PHASE_STRIP = NO;
				DEBUG_INFORMATION_FORMAT = dwarf;
				ENABLE_STRICT_OBJC_MSGSEND = YES;
				ENABLE_TESTABILITY = YES;
				ENABLE_USER_SCRIPT_SANDBOXING = NO;
				GCC_C_LANGUAGE_STANDARD = gnu17;
				GCC_DYNAMIC_NO_PIC = NO;
				GCC_NO_COMMON_BLOCKS = YES;
				GCC_OPTIMIZATION_LEVEL = 0;
				GCC_PREPROCESSOR_DEFINITIONS = (
					"DEBUG=1",
					"$(inherited)",
				);
				GCC_WARN_64_TO_32_BIT_CONVERSION = YES;
				GCC_WARN_ABOUT_RETURN_TYPE = YES_ERROR;
				GCC_WARN_UNDECLARED_SELECTOR = YES;
				GCC_WARN_UNINITIALIZED_AUTOS = YES_AGGRESSIVE;
				GCC_WARN_UNUSED_FUNCTION = YES;
				GCC_WARN_UNUSED_VARIABLE = YES;
				IPHONEOS_DEPLOYMENT_TARGET = 18.2;
				LOCALIZATION_PREFERS_STRING_CATALOGS = YES;
				MTL_ENABLE_DEBUG_INFO = INCLUDE_SOURCE;
				MTL_FAST_MATH = YES;
				ONLY_ACTIVE_ARCH = YES;
				SDKROOT = iphoneos;
				SWIFT_ACTIVE_COMPILATION_CONDITIONS = "DEBUG $(inherited)";
				SWIFT_OPTIMIZATION_LEVEL = "-Onone";
			};
			name = Debug;
		};
		D08386852D7D8A0700BDB7FA /* Release */ = {
			isa = XCBuildConfiguration;
			buildSettings = {
				ALWAYS_SEARCH_USER_PATHS = NO;
				ASSETCATALOG_COMPILER_GENERATE_SWIFT_ASSET_SYMBOL_EXTENSIONS = YES;
				CLANG_ANALYZER_NONNULL = YES;
				CLANG_ANALYZER_NUMBER_OBJECT_CONVERSION = YES_AGGRESSIVE;
				CLANG_CXX_LANGUAGE_STANDARD = "gnu++20";
				CLANG_ENABLE_MODULES = YES;
				CLANG_ENABLE_OBJC_ARC = YES;
				CLANG_ENABLE_OBJC_WEAK = YES;
				CLANG_WARN_BLOCK_CAPTURE_AUTORELEASING = YES;
				CLANG_WARN_BOOL_CONVERSION = YES;
				CLANG_WARN_COMMA = YES;
				CLANG_WARN_CONSTANT_CONVERSION = YES;
				CLANG_WARN_DEPRECATED_OBJC_IMPLEMENTATIONS = YES;
				CLANG_WARN_DIRECT_OBJC_ISA_USAGE = YES_ERROR;
				CLANG_WARN_DOCUMENTATION_COMMENTS = YES;
				CLANG_WARN_EMPTY_BODY = YES;
				CLANG_WARN_ENUM_CONVERSION = YES;
				CLANG_WARN_INFINITE_RECURSION = YES;
				CLANG_WARN_INT_CONVERSION = YES;
				CLANG_WARN_NON_LITERAL_NULL_CONVERSION = YES;
				CLANG_WARN_OBJC_IMPLICIT_RETAIN_SELF = YES;
				CLANG_WARN_OBJC_LITERAL_CONVERSION = YES;
				CLANG_WARN_OBJC_ROOT_CLASS = YES_ERROR;
				CLANG_WARN_QUOTED_INCLUDE_IN_FRAMEWORK_HEADER = YES;
				CLANG_WARN_RANGE_LOOP_ANALYSIS = YES;
				CLANG_WARN_STRICT_PROTOTYPES = YES;
				CLANG_WARN_SUSPICIOUS_MOVE = YES;
				CLANG_WARN_UNGUARDED_AVAILABILITY = YES_AGGRESSIVE;
				CLANG_WARN_UNREACHABLE_CODE = YES;
				CLANG_WARN__DUPLICATE_METHOD_MATCH = YES;
				COPY_PHASE_STRIP = NO;
				DEBUG_INFORMATION_FORMAT = "dwarf-with-dsym";
				ENABLE_NS_ASSERTIONS = NO;
				ENABLE_STRICT_OBJC_MSGSEND = YES;
				ENABLE_USER_SCRIPT_SANDBOXING = NO;
				GCC_C_LANGUAGE_STANDARD = gnu17;
				GCC_NO_COMMON_BLOCKS = YES;
				GCC_WARN_64_TO_32_BIT_CONVERSION = YES;
				GCC_WARN_ABOUT_RETURN_TYPE = YES_ERROR;
				GCC_WARN_UNDECLARED_SELECTOR = YES;
				GCC_WARN_UNINITIALIZED_AUTOS = YES_AGGRESSIVE;
				GCC_WARN_UNUSED_FUNCTION = YES;
				GCC_WARN_UNUSED_VARIABLE = YES;
				IPHONEOS_DEPLOYMENT_TARGET = 18.2;
				LOCALIZATION_PREFERS_STRING_CATALOGS = YES;
				MTL_ENABLE_DEBUG_INFO = NO;
				MTL_FAST_MATH = YES;
				SDKROOT = iphoneos;
				SWIFT_COMPILATION_MODE = wholemodule;
				VALIDATE_PRODUCT = YES;
			};
			name = Release;
		};
		D08386872D7D8A0700BDB7FA /* Debug */ = {
			isa = XCBuildConfiguration;
			baseConfigurationReference = A4AE8928130BEC79711E7895 /* Pods-Applicare-UI.debug.xcconfig */;
			buildSettings = {
				ASSETCATALOG_COMPILER_APPICON_NAME = AppIcon;
				ASSETCATALOG_COMPILER_GLOBAL_ACCENT_COLOR_NAME = AccentColor;
				CODE_SIGN_STYLE = Automatic;
				CURRENT_PROJECT_VERSION = 1;
				DEVELOPMENT_ASSET_PATHS = "\"Applicare-UI/Preview Content\"";
				ENABLE_PREVIEWS = YES;
				GENERATE_INFOPLIST_FILE = YES;
				INFOPLIST_KEY_UIApplicationSceneManifest_Generation = YES;
				INFOPLIST_KEY_UIApplicationSupportsIndirectInputEvents = YES;
				INFOPLIST_KEY_UILaunchScreen_Generation = YES;
				INFOPLIST_KEY_UISupportedInterfaceOrientations_iPad = "UIInterfaceOrientationPortrait UIInterfaceOrientationPortraitUpsideDown UIInterfaceOrientationLandscapeLeft UIInterfaceOrientationLandscapeRight";
				INFOPLIST_KEY_UISupportedInterfaceOrientations_iPhone = "UIInterfaceOrientationPortrait UIInterfaceOrientationLandscapeLeft UIInterfaceOrientationLandscapeRight";
				INSTALL_ROOT = /;
				LD_RUNPATH_SEARCH_PATHS = (
					"$(inherited)",
					"@executable_path/Frameworks",
				);
				MARKETING_VERSION = 1.0;
				PRODUCT_BUNDLE_IDENTIFIER = "khoadz.Applicare-UI";
				PRODUCT_NAME = "$(TARGET_NAME)";
				SWIFT_EMIT_LOC_STRINGS = YES;
				SWIFT_VERSION = 5.0;
				TARGETED_DEVICE_FAMILY = "1,2";
			};
			name = Debug;
		};
		D08386882D7D8A0700BDB7FA /* Release */ = {
			isa = XCBuildConfiguration;
			baseConfigurationReference = 583894F6C1D4E4E97848AEAC /* Pods-Applicare-UI.release.xcconfig */;
			buildSettings = {
				ASSETCATALOG_COMPILER_APPICON_NAME = AppIcon;
				ASSETCATALOG_COMPILER_GLOBAL_ACCENT_COLOR_NAME = AccentColor;
				CODE_SIGN_STYLE = Automatic;
				CURRENT_PROJECT_VERSION = 1;
				DEVELOPMENT_ASSET_PATHS = "\"Applicare-UI/Preview Content\"";
				ENABLE_PREVIEWS = YES;
				GENERATE_INFOPLIST_FILE = YES;
				INFOPLIST_KEY_UIApplicationSceneManifest_Generation = YES;
				INFOPLIST_KEY_UIApplicationSupportsIndirectInputEvents = YES;
				INFOPLIST_KEY_UILaunchScreen_Generation = YES;
				INFOPLIST_KEY_UISupportedInterfaceOrientations_iPad = "UIInterfaceOrientationPortrait UIInterfaceOrientationPortraitUpsideDown UIInterfaceOrientationLandscapeLeft UIInterfaceOrientationLandscapeRight";
				INFOPLIST_KEY_UISupportedInterfaceOrientations_iPhone = "UIInterfaceOrientationPortrait UIInterfaceOrientationLandscapeLeft UIInterfaceOrientationLandscapeRight";
				INSTALL_ROOT = /;
				LD_RUNPATH_SEARCH_PATHS = (
					"$(inherited)",
					"@executable_path/Frameworks",
				);
				MARKETING_VERSION = 1.0;
				PRODUCT_BUNDLE_IDENTIFIER = "khoadz.Applicare-UI";
				PRODUCT_NAME = "$(TARGET_NAME)";
				SWIFT_EMIT_LOC_STRINGS = YES;
				SWIFT_VERSION = 5.0;
				TARGETED_DEVICE_FAMILY = "1,2";
			};
			name = Release;
		};
		D083868A2D7D8A0700BDB7FA /* Debug */ = {
			isa = XCBuildConfiguration;
			baseConfigurationReference = 35C15EB8207933C9438B3B5A /* Pods-Applicare-UITests.debug.xcconfig */;
			buildSettings = {
				BUNDLE_LOADER = "$(TEST_HOST)";
				CODE_SIGN_STYLE = Automatic;
				CURRENT_PROJECT_VERSION = 1;
				GENERATE_INFOPLIST_FILE = YES;
				IPHONEOS_DEPLOYMENT_TARGET = 18.2;
				MARKETING_VERSION = 1.0;
				PRODUCT_BUNDLE_IDENTIFIER = "khoadz.Applicare-UITests";
				PRODUCT_NAME = "$(TARGET_NAME)";
				SWIFT_EMIT_LOC_STRINGS = NO;
				SWIFT_VERSION = 5.0;
				TARGETED_DEVICE_FAMILY = "1,2";
				TEST_HOST = "$(BUILT_PRODUCTS_DIR)/Applicare-UI.app/$(BUNDLE_EXECUTABLE_FOLDER_PATH)/Applicare-UI";
			};
			name = Debug;
		};
		D083868B2D7D8A0700BDB7FA /* Release */ = {
			isa = XCBuildConfiguration;
			baseConfigurationReference = 8199427BC32C13F4B396A74B /* Pods-Applicare-UITests.release.xcconfig */;
			buildSettings = {
				BUNDLE_LOADER = "$(TEST_HOST)";
				CODE_SIGN_STYLE = Automatic;
				CURRENT_PROJECT_VERSION = 1;
				GENERATE_INFOPLIST_FILE = YES;
				IPHONEOS_DEPLOYMENT_TARGET = 18.2;
				MARKETING_VERSION = 1.0;
				PRODUCT_BUNDLE_IDENTIFIER = "khoadz.Applicare-UITests";
				PRODUCT_NAME = "$(TARGET_NAME)";
				SWIFT_EMIT_LOC_STRINGS = NO;
				SWIFT_VERSION = 5.0;
				TARGETED_DEVICE_FAMILY = "1,2";
				TEST_HOST = "$(BUILT_PRODUCTS_DIR)/Applicare-UI.app/$(BUNDLE_EXECUTABLE_FOLDER_PATH)/Applicare-UI";
			};
			name = Release;
		};
		D083868D2D7D8A0700BDB7FA /* Debug */ = {
			isa = XCBuildConfiguration;
			baseConfigurationReference = E8F0EC1D3E117F360707912A /* Pods-Applicare-UI-Applicare-UIUITests.debug.xcconfig */;
			buildSettings = {
				CODE_SIGN_STYLE = Automatic;
				CURRENT_PROJECT_VERSION = 1;
				GENERATE_INFOPLIST_FILE = YES;
				MARKETING_VERSION = 1.0;
				PRODUCT_BUNDLE_IDENTIFIER = "khoadz.Applicare-UIUITests";
				PRODUCT_NAME = "$(TARGET_NAME)";
				SWIFT_EMIT_LOC_STRINGS = NO;
				SWIFT_VERSION = 5.0;
				TARGETED_DEVICE_FAMILY = "1,2";
				TEST_TARGET_NAME = "Applicare-UI";
			};
			name = Debug;
		};
		D083868E2D7D8A0700BDB7FA /* Release */ = {
			isa = XCBuildConfiguration;
			baseConfigurationReference = 14151306B5842ECF6A228391 /* Pods-Applicare-UI-Applicare-UIUITests.release.xcconfig */;
			buildSettings = {
				CODE_SIGN_STYLE = Automatic;
				CURRENT_PROJECT_VERSION = 1;
				GENERATE_INFOPLIST_FILE = YES;
				MARKETING_VERSION = 1.0;
				PRODUCT_BUNDLE_IDENTIFIER = "khoadz.Applicare-UIUITests";
				PRODUCT_NAME = "$(TARGET_NAME)";
				SWIFT_EMIT_LOC_STRINGS = NO;
				SWIFT_VERSION = 5.0;
				TARGETED_DEVICE_FAMILY = "1,2";
				TEST_TARGET_NAME = "Applicare-UI";
			};
			name = Release;
		};
/* End XCBuildConfiguration section */

/* Begin XCConfigurationList section */
		D083865D2D7D8A0500BDB7FA /* Build configuration list for PBXProject "Applicare-UI" */ = {
			isa = XCConfigurationList;
			buildConfigurations = (
				D08386842D7D8A0700BDB7FA /* Debug */,
				D08386852D7D8A0700BDB7FA /* Release */,
			);
			defaultConfigurationIsVisible = 0;
			defaultConfigurationName = Release;
		};
		D08386862D7D8A0700BDB7FA /* Build configuration list for PBXNativeTarget "Applicare-UI" */ = {
			isa = XCConfigurationList;
			buildConfigurations = (
				D08386872D7D8A0700BDB7FA /* Debug */,
				D08386882D7D8A0700BDB7FA /* Release */,
			);
			defaultConfigurationIsVisible = 0;
			defaultConfigurationName = Release;
		};
		D08386892D7D8A0700BDB7FA /* Build configuration list for PBXNativeTarget "Applicare-UITests" */ = {
			isa = XCConfigurationList;
			buildConfigurations = (
				D083868A2D7D8A0700BDB7FA /* Debug */,
				D083868B2D7D8A0700BDB7FA /* Release */,
			);
			defaultConfigurationIsVisible = 0;
			defaultConfigurationName = Release;
		};
		D083868C2D7D8A0700BDB7FA /* Build configuration list for PBXNativeTarget "Applicare-UIUITests" */ = {
			isa = XCConfigurationList;
			buildConfigurations = (
				D083868D2D7D8A0700BDB7FA /* Debug */,
				D083868E2D7D8A0700BDB7FA /* Release */,
			);
			defaultConfigurationIsVisible = 0;
			defaultConfigurationName = Release;
		};
/* End XCConfigurationList section */
	};
	rootObject = D083865A2D7D8A0500BDB7FA /* Project object */;
}
